// !$*UTF8*$!
{
	archiveVersion = 1;
	classes = {
	};
	objectVersion = 70;
	objects = {

/* Begin PBXBuildFile section */
		63031E162A5CA75400C72A7D /* FavoriteNewsManager.swift in Sources */ = {isa = PBXBuildFile; fileRef = 63031E152A5CA75400C72A7D /* FavoriteNewsManager.swift */; };
		63031E182A5E88FD00C72A7D /* ListArticleView.swift in Sources */ = {isa = PBXBuildFile; fileRef = 63031E172A5E88FD00C72A7D /* ListArticleView.swift */; };
		6306E4AB2A5C988300FB01D8 /* BookMarkView.swift in Sources */ = {isa = PBXBuildFile; fileRef = 6306E4AA2A5C988300FB01D8 /* BookMarkView.swift */; };
		6306E4AE2A5C98FC00FB01D8 /* MyNewsCD.xcdatamodeld in Sources */ = {isa = PBXBuildFile; fileRef = 6306E4AC2A5C98FC00FB01D8 /* MyNewsCD.xcdatamodeld */; };
		6306E4B12A5C996400FB01D8 /* PersistenceController.swift in Sources */ = {isa = PBXBuildFile; fileRef = 6306E4B02A5C996400FB01D8 /* PersistenceController.swift */; };
		6306E4B32A5C99CB00FB01D8 /* FavoriteNews.swift in Sources */ = {isa = PBXBuildFile; fileRef = 6306E4B22A5C99CB00FB01D8 /* FavoriteNews.swift */; };
		63136BBF2A539EC700D58588 /* User.swift in Sources */ = {isa = PBXBuildFile; fileRef = 63136BBE2A539EC700D58588 /* User.swift */; };
		632107FC2BF8C5A300902A3D /* LinkManager.swift in Sources */ = {isa = PBXBuildFile; fileRef = 632107FB2BF8C5A300902A3D /* LinkManager.swift */; };
		632107FF2BFA95CB00902A3D /* ShareSheet.swift in Sources */ = {isa = PBXBuildFile; fileRef = 632107FE2BFA95CB00902A3D /* ShareSheet.swift */; };
		632645B22C1F3C9500999D8C /* FirebaseAuth in Frameworks */ = {isa = PBXBuildFile; productRef = 632645B12C1F3C9500999D8C /* FirebaseAuth */; };
		632645B52C1F3D8900999D8C /* GoogleSignIn in Frameworks */ = {isa = PBXBuildFile; productRef = 632645B42C1F3D8900999D8C /* GoogleSignIn */; };
		632645B72C1F3D8900999D8C /* GoogleSignInSwift in Frameworks */ = {isa = PBXBuildFile; productRef = 632645B62C1F3D8900999D8C /* GoogleSignInSwift */; };
		632645BA2C1F3FA400999D8C /* CustomTextField.swift in Sources */ = {isa = PBXBuildFile; fileRef = 632645B92C1F3FA400999D8C /* CustomTextField.swift */; };
		632645BC2C1F415C00999D8C /* LoginViewModel.swift in Sources */ = {isa = PBXBuildFile; fileRef = 632645BB2C1F415C00999D8C /* LoginViewModel.swift */; };
		632645BD2C1F6BC300999D8C /* MyNewsCD.xcdatamodeld in Sources */ = {isa = PBXBuildFile; fileRef = 6306E4AC2A5C98FC00FB01D8 /* MyNewsCD.xcdatamodeld */; };
		632645BE2C1F6BC700999D8C /* PersistenceController.swift in Sources */ = {isa = PBXBuildFile; fileRef = 6306E4B02A5C996400FB01D8 /* PersistenceController.swift */; };
		632645BF2C1F6BCA00999D8C /* FavoriteNews.swift in Sources */ = {isa = PBXBuildFile; fileRef = 6306E4B22A5C99CB00FB01D8 /* FavoriteNews.swift */; };
		632645C02C1F6BCE00999D8C /* FavoriteLinks.swift in Sources */ = {isa = PBXBuildFile; fileRef = 63F5A4842BEE29D900F72CFA /* FavoriteLinks.swift */; };
		632645C12C1F6BD100999D8C /* SearchHistory.swift in Sources */ = {isa = PBXBuildFile; fileRef = 634FA4DE2BFAB98900988303 /* SearchHistory.swift */; };
		632645C22C1F6BE800999D8C /* NewsError.swift in Sources */ = {isa = PBXBuildFile; fileRef = CF5EFE8E29B88EFB002598C3 /* NewsError.swift */; };
		632645C32C1F6BEB00999D8C /* RSSError.swift in Sources */ = {isa = PBXBuildFile; fileRef = 63BB45A32BF3DAC4004B9E71 /* RSSError.swift */; };
		632645C42C1F6BEE00999D8C /* LinkError.swift in Sources */ = {isa = PBXBuildFile; fileRef = 63CABB4F2BF3DFC100290D23 /* LinkError.swift */; };
		632645C52C1F6BF200999D8C /* News.swift in Sources */ = {isa = PBXBuildFile; fileRef = CFBAB9A429B8459C006FDF8A /* News.swift */; };
		632645C62C1F6BF500999D8C /* NewsService.swift in Sources */ = {isa = PBXBuildFile; fileRef = CFBAB9A829B84A34006FDF8A /* NewsService.swift */; };
		632645C72C1F6BF800999D8C /* NewsSesssion.swift in Sources */ = {isa = PBXBuildFile; fileRef = CFBAB9AE29B84C85006FDF8A /* NewsSesssion.swift */; };
		632645C82C1F6BFB00999D8C /* Theme.swift in Sources */ = {isa = PBXBuildFile; fileRef = CF5EFE8629B8665B002598C3 /* Theme.swift */; };
		632645C92C1F6BFE00999D8C /* RSSFetcher.swift in Sources */ = {isa = PBXBuildFile; fileRef = 63AB9C4F2BD381E90044F765 /* RSSFetcher.swift */; };
		632645CA2C1F6C0000999D8C /* RSSItem.swift in Sources */ = {isa = PBXBuildFile; fileRef = 63AB9C512BD3827D0044F765 /* RSSItem.swift */; };
		632645CB2C1F6C0300999D8C /* Link.swift in Sources */ = {isa = PBXBuildFile; fileRef = 63CABB512BF3E07700290D23 /* Link.swift */; };
		632645CC2C1F6C0700999D8C /* User.swift in Sources */ = {isa = PBXBuildFile; fileRef = 63136BBE2A539EC700D58588 /* User.swift */; };
		632645D02C1F6C4D00999D8C /* FirebaseAuth in Frameworks */ = {isa = PBXBuildFile; productRef = 632645CF2C1F6C4D00999D8C /* FirebaseAuth */; };
		632645D22C1F6C4D00999D8C /* FirebaseCrashlytics in Frameworks */ = {isa = PBXBuildFile; productRef = 632645D12C1F6C4D00999D8C /* FirebaseCrashlytics */; };
		632645D62C1F6C6A00999D8C /* FirebaseAnalyticsWithoutAdIdSupport in Frameworks */ = {isa = PBXBuildFile; productRef = 632645D52C1F6C6A00999D8C /* FirebaseAnalyticsWithoutAdIdSupport */; };
		632645DE2C1F6D3500999D8C /* SearchNewsManager.swift in Sources */ = {isa = PBXBuildFile; fileRef = CF5EFE8B29B88A1B002598C3 /* SearchNewsManager.swift */; };
		632645DF2C1F6D3700999D8C /* HomeViewManager.swift in Sources */ = {isa = PBXBuildFile; fileRef = CFE84B8129EB740C0031746E /* HomeViewManager.swift */; };
		632645E02C1F6D3A00999D8C /* FavoriteNewsManager.swift in Sources */ = {isa = PBXBuildFile; fileRef = 63031E152A5CA75400C72A7D /* FavoriteNewsManager.swift */; };
		632645E12C1F6D3E00999D8C /* FluxViewManager.swift in Sources */ = {isa = PBXBuildFile; fileRef = 63BB45A12BF3D737004B9E71 /* FluxViewManager.swift */; };
		632645E22C1F6D4000999D8C /* LinkManager.swift in Sources */ = {isa = PBXBuildFile; fileRef = 632107FB2BF8C5A300902A3D /* LinkManager.swift */; };
		632645E72C1F6EDF00999D8C /* TabViewSelection.swift in Sources */ = {isa = PBXBuildFile; fileRef = 632645E62C1F6EDF00999D8C /* TabViewSelection.swift */; };
		632645E82C1F6F2700999D8C /* TabViewSelection.swift in Sources */ = {isa = PBXBuildFile; fileRef = 632645E62C1F6EDF00999D8C /* TabViewSelection.swift */; };
		632645EC2C1F72B400999D8C /* HomeView.swift in Sources */ = {isa = PBXBuildFile; fileRef = 632645EB2C1F72B300999D8C /* HomeView.swift */; };
		632645F02C1F72DA00999D8C /* FluxView.swift in Sources */ = {isa = PBXBuildFile; fileRef = 632645EF2C1F72DA00999D8C /* FluxView.swift */; };
		632645F52C1F75C700999D8C /* NewsListView.swift in Sources */ = {isa = PBXBuildFile; fileRef = CF919C4A29C8867B009A73FC /* NewsListView.swift */; };
		632645F62C1F75D300999D8C /* ListArticleView.swift in Sources */ = {isa = PBXBuildFile; fileRef = 63031E172A5E88FD00C72A7D /* ListArticleView.swift */; };
		632645F72C1F75DA00999D8C /* NewsRow.swift in Sources */ = {isa = PBXBuildFile; fileRef = CFBAB9A629B846C1006FDF8A /* NewsRow.swift */; };
		632645F92C1F764E00999D8C /* Assets.xcassets in Resources */ = {isa = PBXBuildFile; fileRef = CFBAB97929B8255B006FDF8A /* Assets.xcassets */; };
		632645FC2C1F7F5800999D8C /* HomeImageBubble.swift in Sources */ = {isa = PBXBuildFile; fileRef = CFBAB9B129B85B2C006FDF8A /* HomeImageBubble.swift */; };
		632645FD2C1F7F8300999D8C /* NewsDetailView.swift in Sources */ = {isa = PBXBuildFile; fileRef = CF5EFE9029C008AF002598C3 /* NewsDetailView.swift */; };
		632645FF2C1F82DE00999D8C /* Alamofire in Frameworks */ = {isa = PBXBuildFile; productRef = 632645FE2C1F82DE00999D8C /* Alamofire */; };
		634FA4DF2BFAB98900988303 /* SearchHistory.swift in Sources */ = {isa = PBXBuildFile; fileRef = 634FA4DE2BFAB98900988303 /* SearchHistory.swift */; };
		634FA4E72BFAC99400988303 /* MyNewsMacApp.swift in Sources */ = {isa = PBXBuildFile; fileRef = 634FA4E62BFAC99400988303 /* MyNewsMacApp.swift */; };
		634FA4E92BFAC99400988303 /* ContentView.swift in Sources */ = {isa = PBXBuildFile; fileRef = 634FA4E82BFAC99400988303 /* ContentView.swift */; };
		634FA4F02BFAC99600988303 /* Preview Assets.xcassets in Resources */ = {isa = PBXBuildFile; fileRef = 634FA4EF2BFAC99600988303 /* Preview Assets.xcassets */; };
		634FA4F62BFE8C7200988303 /* UnFocusedButton.swift in Sources */ = {isa = PBXBuildFile; fileRef = 634FA4F52BFE8C7200988303 /* UnFocusedButton.swift */; };
		638EB4982BB69CAA00ED1736 /* ConnectionView.swift in Sources */ = {isa = PBXBuildFile; fileRef = 638EB4972BB69CAA00ED1736 /* ConnectionView.swift */; };
		63976B5E2B60E93D00F847EE /* FavoriteNewsTest.swift in Sources */ = {isa = PBXBuildFile; fileRef = 63976B5D2B60E93D00F847EE /* FavoriteNewsTest.swift */; };
		63AB9C4E2BD37FAF0044F765 /* FluxView.swift in Sources */ = {isa = PBXBuildFile; fileRef = 63AB9C4D2BD37FAF0044F765 /* FluxView.swift */; };
		63AB9C502BD381E90044F765 /* RSSFetcher.swift in Sources */ = {isa = PBXBuildFile; fileRef = 63AB9C4F2BD381E90044F765 /* RSSFetcher.swift */; };
		63AB9C522BD3827D0044F765 /* RSSItem.swift in Sources */ = {isa = PBXBuildFile; fileRef = 63AB9C512BD3827D0044F765 /* RSSItem.swift */; };
		63B395322C1E65CA00FC3512 /* SettingsView.swift in Sources */ = {isa = PBXBuildFile; fileRef = 63B395312C1E65CA00FC3512 /* SettingsView.swift */; };
		63BB459E2BF3BB40004B9E71 /* RssRow.swift in Sources */ = {isa = PBXBuildFile; fileRef = 63BB459D2BF3BB40004B9E71 /* RssRow.swift */; };
		63BB45A22BF3D737004B9E71 /* FluxViewManager.swift in Sources */ = {isa = PBXBuildFile; fileRef = 63BB45A12BF3D737004B9E71 /* FluxViewManager.swift */; };
		63BB45A42BF3DAC4004B9E71 /* RSSError.swift in Sources */ = {isa = PBXBuildFile; fileRef = 63BB45A32BF3DAC4004B9E71 /* RSSError.swift */; };
		63CABB502BF3DFC100290D23 /* LinkError.swift in Sources */ = {isa = PBXBuildFile; fileRef = 63CABB4F2BF3DFC100290D23 /* LinkError.swift */; };
		63CABB522BF3E07700290D23 /* Link.swift in Sources */ = {isa = PBXBuildFile; fileRef = 63CABB512BF3E07700290D23 /* Link.swift */; };
		63CABB552BF3ECB100290D23 /* RSSListSection.swift in Sources */ = {isa = PBXBuildFile; fileRef = 63CABB542BF3ECB100290D23 /* RSSListSection.swift */; };
		63DB0E3F2B68F85000BB42D2 /* GoogleService-Info.plist in Resources */ = {isa = PBXBuildFile; fileRef = 63DB0E3E2B68F85000BB42D2 /* GoogleService-Info.plist */; };
		63DB0E422B68F9F800BB42D2 /* FirebaseAnalyticsWithoutAdIdSupport in Frameworks */ = {isa = PBXBuildFile; productRef = 63DB0E412B68F9F800BB42D2 /* FirebaseAnalyticsWithoutAdIdSupport */; };
		63DB0E442B68F9F800BB42D2 /* FirebaseCrashlytics in Frameworks */ = {isa = PBXBuildFile; productRef = 63DB0E432B68F9F800BB42D2 /* FirebaseCrashlytics */; };
		63DFE9342B5FBCFA003009C1 /* FavoriteNewsManagerTest.swift in Sources */ = {isa = PBXBuildFile; fileRef = 63DFE9332B5FBCFA003009C1 /* FavoriteNewsManagerTest.swift */; };
		63F5A4832BEDA4D900F72CFA /* ListRssSheetView.swift in Sources */ = {isa = PBXBuildFile; fileRef = 63F5A4822BEDA4D900F72CFA /* ListRssSheetView.swift */; };
		63F5A4852BEE29D900F72CFA /* FavoriteLinks.swift in Sources */ = {isa = PBXBuildFile; fileRef = 63F5A4842BEE29D900F72CFA /* FavoriteLinks.swift */; };
		CF022DE829E85FA0008B5890 /* MyNewsServiceTests.swift in Sources */ = {isa = PBXBuildFile; fileRef = CF022DE729E85FA0008B5890 /* MyNewsServiceTests.swift */; };
		CF022DEA29E8609D008B5890 /* NewsSessionFake.swift in Sources */ = {isa = PBXBuildFile; fileRef = CF022DE929E8609D008B5890 /* NewsSessionFake.swift */; };
		CF49455D29C016B700558ABA /* DiscoverView.swift in Sources */ = {isa = PBXBuildFile; fileRef = CF49455C29C016B700558ABA /* DiscoverView.swift */; };
		CF5EFE8729B8665B002598C3 /* Theme.swift in Sources */ = {isa = PBXBuildFile; fileRef = CF5EFE8629B8665B002598C3 /* Theme.swift */; };
		CF5EFE8A29B866C0002598C3 /* ThemeButton.swift in Sources */ = {isa = PBXBuildFile; fileRef = CF5EFE8929B866C0002598C3 /* ThemeButton.swift */; };
		CF5EFE8C29B88A1B002598C3 /* SearchNewsManager.swift in Sources */ = {isa = PBXBuildFile; fileRef = CF5EFE8B29B88A1B002598C3 /* SearchNewsManager.swift */; };
		CF5EFE8F29B88EFB002598C3 /* NewsError.swift in Sources */ = {isa = PBXBuildFile; fileRef = CF5EFE8E29B88EFB002598C3 /* NewsError.swift */; };
		CF5EFE9129C008AF002598C3 /* NewsDetailView.swift in Sources */ = {isa = PBXBuildFile; fileRef = CF5EFE9029C008AF002598C3 /* NewsDetailView.swift */; };
		CF919C4B29C8867B009A73FC /* NewsListView.swift in Sources */ = {isa = PBXBuildFile; fileRef = CF919C4A29C8867B009A73FC /* NewsListView.swift */; };
		CF919C5129CB4DBC009A73FC /* SafariView.swift in Sources */ = {isa = PBXBuildFile; fileRef = CF919C5029CB4DBC009A73FC /* SafariView.swift */; };
		CFBAB97629B8255A006FDF8A /* MyNewsApp.swift in Sources */ = {isa = PBXBuildFile; fileRef = CFBAB97529B8255A006FDF8A /* MyNewsApp.swift */; };
		CFBAB97829B8255A006FDF8A /* ContentView.swift in Sources */ = {isa = PBXBuildFile; fileRef = CFBAB97729B8255A006FDF8A /* ContentView.swift */; };
		CFBAB97A29B8255B006FDF8A /* Assets.xcassets in Resources */ = {isa = PBXBuildFile; fileRef = CFBAB97929B8255B006FDF8A /* Assets.xcassets */; };
		CFBAB97D29B8255B006FDF8A /* Preview Assets.xcassets in Resources */ = {isa = PBXBuildFile; fileRef = CFBAB97C29B8255B006FDF8A /* Preview Assets.xcassets */; };
		CFBAB9A329B8274A006FDF8A /* HomeView.swift in Sources */ = {isa = PBXBuildFile; fileRef = CFBAB9A229B8274A006FDF8A /* HomeView.swift */; };
		CFBAB9A529B8459C006FDF8A /* News.swift in Sources */ = {isa = PBXBuildFile; fileRef = CFBAB9A429B8459C006FDF8A /* News.swift */; };
		CFBAB9A729B846C1006FDF8A /* NewsRow.swift in Sources */ = {isa = PBXBuildFile; fileRef = CFBAB9A629B846C1006FDF8A /* NewsRow.swift */; };
		CFBAB9A929B84A34006FDF8A /* NewsService.swift in Sources */ = {isa = PBXBuildFile; fileRef = CFBAB9A829B84A34006FDF8A /* NewsService.swift */; };
		CFBAB9AC29B84A66006FDF8A /* Alamofire in Frameworks */ = {isa = PBXBuildFile; productRef = CFBAB9AB29B84A66006FDF8A /* Alamofire */; };
		CFBAB9AF29B84C85006FDF8A /* NewsSesssion.swift in Sources */ = {isa = PBXBuildFile; fileRef = CFBAB9AE29B84C85006FDF8A /* NewsSesssion.swift */; };
		CFBAB9B229B85B2C006FDF8A /* HomeImageBubble.swift in Sources */ = {isa = PBXBuildFile; fileRef = CFBAB9B129B85B2C006FDF8A /* HomeImageBubble.swift */; };
		CFC9950629ECC83A001AB5E5 /* HomeVMTest.swift in Sources */ = {isa = PBXBuildFile; fileRef = CFC9950529ECC83A001AB5E5 /* HomeVMTest.swift */; };
		CFD4BCCA29E87F6900522D69 /* NewsSearchTest.swift in Sources */ = {isa = PBXBuildFile; fileRef = CFD4BCC929E87F6900522D69 /* NewsSearchTest.swift */; };
		CFD4BCCC29E87FCC00522D69 /* NewsErrorTest.swift in Sources */ = {isa = PBXBuildFile; fileRef = CFD4BCCB29E87FCC00522D69 /* NewsErrorTest.swift */; };
		CFE6C59929E85F0400CEF6D7 /* FakeNews.json in Resources */ = {isa = PBXBuildFile; fileRef = CFE6C59829E85F0400CEF6D7 /* FakeNews.json */; };
		CFE6C59B29E85F3900CEF6D7 /* FakeResponse.swift in Sources */ = {isa = PBXBuildFile; fileRef = CFE6C59A29E85F3900CEF6D7 /* FakeResponse.swift */; };
		CFE6C59D29E85F6000CEF6D7 /* FakeResponseData.swift in Sources */ = {isa = PBXBuildFile; fileRef = CFE6C59C29E85F6000CEF6D7 /* FakeResponseData.swift */; };
		CFE84B8229EB740C0031746E /* HomeViewManager.swift in Sources */ = {isa = PBXBuildFile; fileRef = CFE84B8129EB740C0031746E /* HomeViewManager.swift */; };
		CFFDCAA729CD8CDC001A8A8B /* LaunchScreen.storyboard in Resources */ = {isa = PBXBuildFile; fileRef = CFFDCAA629CD8CDC001A8A8B /* LaunchScreen.storyboard */; };
/* End PBXBuildFile section */

/* Begin PBXContainerItemProxy section */
		CFE6C58A29E85C5D00CEF6D7 /* PBXContainerItemProxy */ = {
			isa = PBXContainerItemProxy;
			containerPortal = CFBAB96A29B8255A006FDF8A /* Project object */;
			proxyType = 1;
			remoteGlobalIDString = CFBAB97129B8255A006FDF8A;
			remoteInfo = MyNews;
		};
/* End PBXContainerItemProxy section */

/* Begin PBXFileReference section */
		63031E152A5CA75400C72A7D /* FavoriteNewsManager.swift */ = {isa = PBXFileReference; lastKnownFileType = sourcecode.swift; path = FavoriteNewsManager.swift; sourceTree = "<group>"; };
		63031E172A5E88FD00C72A7D /* ListArticleView.swift */ = {isa = PBXFileReference; lastKnownFileType = sourcecode.swift; path = ListArticleView.swift; sourceTree = "<group>"; };
		6306E4AA2A5C988300FB01D8 /* BookMarkView.swift */ = {isa = PBXFileReference; lastKnownFileType = sourcecode.swift; path = BookMarkView.swift; sourceTree = "<group>"; };
		6306E4AD2A5C98FC00FB01D8 /* MyNewsCD.xcdatamodel */ = {isa = PBXFileReference; lastKnownFileType = wrapper.xcdatamodel; path = MyNewsCD.xcdatamodel; sourceTree = "<group>"; };
		6306E4B02A5C996400FB01D8 /* PersistenceController.swift */ = {isa = PBXFileReference; lastKnownFileType = sourcecode.swift; path = PersistenceController.swift; sourceTree = "<group>"; };
		6306E4B22A5C99CB00FB01D8 /* FavoriteNews.swift */ = {isa = PBXFileReference; lastKnownFileType = sourcecode.swift; path = FavoriteNews.swift; sourceTree = "<group>"; };
		63136BBE2A539EC700D58588 /* User.swift */ = {isa = PBXFileReference; lastKnownFileType = sourcecode.swift; path = User.swift; sourceTree = "<group>"; };
		632107FB2BF8C5A300902A3D /* LinkManager.swift */ = {isa = PBXFileReference; lastKnownFileType = sourcecode.swift; path = LinkManager.swift; sourceTree = "<group>"; };
		632107FE2BFA95CB00902A3D /* ShareSheet.swift */ = {isa = PBXFileReference; lastKnownFileType = sourcecode.swift; path = ShareSheet.swift; sourceTree = "<group>"; };
		632645B82C1F3F0200999D8C /* Info.plist */ = {isa = PBXFileReference; lastKnownFileType = text.plist; path = Info.plist; sourceTree = "<group>"; };
		632645B92C1F3FA400999D8C /* CustomTextField.swift */ = {isa = PBXFileReference; lastKnownFileType = sourcecode.swift; path = CustomTextField.swift; sourceTree = "<group>"; };
		632645BB2C1F415C00999D8C /* LoginViewModel.swift */ = {isa = PBXFileReference; lastKnownFileType = sourcecode.swift; path = LoginViewModel.swift; sourceTree = "<group>"; };
		632645E62C1F6EDF00999D8C /* TabViewSelection.swift */ = {isa = PBXFileReference; lastKnownFileType = sourcecode.swift; path = TabViewSelection.swift; sourceTree = "<group>"; };
		632645EB2C1F72B300999D8C /* HomeView.swift */ = {isa = PBXFileReference; lastKnownFileType = sourcecode.swift; path = HomeView.swift; sourceTree = "<group>"; };
		632645EF2C1F72DA00999D8C /* FluxView.swift */ = {isa = PBXFileReference; lastKnownFileType = sourcecode.swift; path = FluxView.swift; sourceTree = "<group>"; };
		632645FA2C1F76D400999D8C /* NewsDetailView.swift */ = {isa = PBXFileReference; lastKnownFileType = sourcecode.swift; path = NewsDetailView.swift; sourceTree = "<group>"; };
		634FA4DE2BFAB98900988303 /* SearchHistory.swift */ = {isa = PBXFileReference; lastKnownFileType = sourcecode.swift; path = SearchHistory.swift; sourceTree = "<group>"; };
		634FA4E42BFAC99400988303 /* MyNewsMac.app */ = {isa = PBXFileReference; explicitFileType = wrapper.application; includeInIndex = 0; path = MyNewsMac.app; sourceTree = BUILT_PRODUCTS_DIR; };
		634FA4E62BFAC99400988303 /* MyNewsMacApp.swift */ = {isa = PBXFileReference; lastKnownFileType = sourcecode.swift; path = MyNewsMacApp.swift; sourceTree = "<group>"; };
		634FA4E82BFAC99400988303 /* ContentView.swift */ = {isa = PBXFileReference; lastKnownFileType = sourcecode.swift; path = ContentView.swift; sourceTree = "<group>"; };
		634FA4EF2BFAC99600988303 /* Preview Assets.xcassets */ = {isa = PBXFileReference; lastKnownFileType = folder.assetcatalog; path = "Preview Assets.xcassets"; sourceTree = "<group>"; };
		634FA4F12BFAC99600988303 /* MyNewsMac.entitlements */ = {isa = PBXFileReference; lastKnownFileType = text.plist.entitlements; path = MyNewsMac.entitlements; sourceTree = "<group>"; };
		634FA4F52BFE8C7200988303 /* UnFocusedButton.swift */ = {isa = PBXFileReference; lastKnownFileType = sourcecode.swift; path = UnFocusedButton.swift; sourceTree = "<group>"; };
		638EB4972BB69CAA00ED1736 /* ConnectionView.swift */ = {isa = PBXFileReference; lastKnownFileType = sourcecode.swift; path = ConnectionView.swift; sourceTree = "<group>"; };
		63976B5D2B60E93D00F847EE /* FavoriteNewsTest.swift */ = {isa = PBXFileReference; lastKnownFileType = sourcecode.swift; path = FavoriteNewsTest.swift; sourceTree = "<group>"; };
		63AB9C4D2BD37FAF0044F765 /* FluxView.swift */ = {isa = PBXFileReference; lastKnownFileType = sourcecode.swift; path = FluxView.swift; sourceTree = "<group>"; };
		63AB9C4F2BD381E90044F765 /* RSSFetcher.swift */ = {isa = PBXFileReference; lastKnownFileType = sourcecode.swift; path = RSSFetcher.swift; sourceTree = "<group>"; };
		63AB9C512BD3827D0044F765 /* RSSItem.swift */ = {isa = PBXFileReference; lastKnownFileType = sourcecode.swift; path = RSSItem.swift; sourceTree = "<group>"; };
		63B395312C1E65CA00FC3512 /* SettingsView.swift */ = {isa = PBXFileReference; lastKnownFileType = sourcecode.swift; path = SettingsView.swift; sourceTree = "<group>"; };
		63BB459D2BF3BB40004B9E71 /* RssRow.swift */ = {isa = PBXFileReference; lastKnownFileType = sourcecode.swift; path = RssRow.swift; sourceTree = "<group>"; };
		63BB45A12BF3D737004B9E71 /* FluxViewManager.swift */ = {isa = PBXFileReference; lastKnownFileType = sourcecode.swift; path = FluxViewManager.swift; sourceTree = "<group>"; };
		63BB45A32BF3DAC4004B9E71 /* RSSError.swift */ = {isa = PBXFileReference; lastKnownFileType = sourcecode.swift; path = RSSError.swift; sourceTree = "<group>"; };
		63CABB4F2BF3DFC100290D23 /* LinkError.swift */ = {isa = PBXFileReference; lastKnownFileType = sourcecode.swift; path = LinkError.swift; sourceTree = "<group>"; };
		63CABB512BF3E07700290D23 /* Link.swift */ = {isa = PBXFileReference; lastKnownFileType = sourcecode.swift; path = Link.swift; sourceTree = "<group>"; };
		63CABB542BF3ECB100290D23 /* RSSListSection.swift */ = {isa = PBXFileReference; lastKnownFileType = sourcecode.swift; path = RSSListSection.swift; sourceTree = "<group>"; };
		63DB0E3E2B68F85000BB42D2 /* GoogleService-Info.plist */ = {isa = PBXFileReference; fileEncoding = 4; lastKnownFileType = text.plist.xml; path = "GoogleService-Info.plist"; sourceTree = "<group>"; };
		63DFE9332B5FBCFA003009C1 /* FavoriteNewsManagerTest.swift */ = {isa = PBXFileReference; lastKnownFileType = sourcecode.swift; path = FavoriteNewsManagerTest.swift; sourceTree = "<group>"; };
		63F5A4822BEDA4D900F72CFA /* ListRssSheetView.swift */ = {isa = PBXFileReference; lastKnownFileType = sourcecode.swift; path = ListRssSheetView.swift; sourceTree = "<group>"; };
		63F5A4842BEE29D900F72CFA /* FavoriteLinks.swift */ = {isa = PBXFileReference; lastKnownFileType = sourcecode.swift; path = FavoriteLinks.swift; sourceTree = "<group>"; };
		CF022DE729E85FA0008B5890 /* MyNewsServiceTests.swift */ = {isa = PBXFileReference; lastKnownFileType = sourcecode.swift; path = MyNewsServiceTests.swift; sourceTree = "<group>"; };
		CF022DE929E8609D008B5890 /* NewsSessionFake.swift */ = {isa = PBXFileReference; lastKnownFileType = sourcecode.swift; path = NewsSessionFake.swift; sourceTree = "<group>"; };
		CF49455C29C016B700558ABA /* DiscoverView.swift */ = {isa = PBXFileReference; lastKnownFileType = sourcecode.swift; path = DiscoverView.swift; sourceTree = "<group>"; };
		CF5EFE8629B8665B002598C3 /* Theme.swift */ = {isa = PBXFileReference; lastKnownFileType = sourcecode.swift; path = Theme.swift; sourceTree = "<group>"; };
		CF5EFE8929B866C0002598C3 /* ThemeButton.swift */ = {isa = PBXFileReference; lastKnownFileType = sourcecode.swift; path = ThemeButton.swift; sourceTree = "<group>"; };
		CF5EFE8B29B88A1B002598C3 /* SearchNewsManager.swift */ = {isa = PBXFileReference; lastKnownFileType = sourcecode.swift; path = SearchNewsManager.swift; sourceTree = "<group>"; };
		CF5EFE8E29B88EFB002598C3 /* NewsError.swift */ = {isa = PBXFileReference; lastKnownFileType = sourcecode.swift; path = NewsError.swift; sourceTree = "<group>"; };
		CF5EFE9029C008AF002598C3 /* NewsDetailView.swift */ = {isa = PBXFileReference; lastKnownFileType = sourcecode.swift; path = NewsDetailView.swift; sourceTree = "<group>"; };
		CF919C4A29C8867B009A73FC /* NewsListView.swift */ = {isa = PBXFileReference; lastKnownFileType = sourcecode.swift; path = NewsListView.swift; sourceTree = "<group>"; };
		CF919C5029CB4DBC009A73FC /* SafariView.swift */ = {isa = PBXFileReference; lastKnownFileType = sourcecode.swift; path = SafariView.swift; sourceTree = "<group>"; };
		CFBAB97229B8255A006FDF8A /* MyNews.app */ = {isa = PBXFileReference; explicitFileType = wrapper.application; includeInIndex = 0; path = MyNews.app; sourceTree = BUILT_PRODUCTS_DIR; };
		CFBAB97529B8255A006FDF8A /* MyNewsApp.swift */ = {isa = PBXFileReference; lastKnownFileType = sourcecode.swift; path = MyNewsApp.swift; sourceTree = "<group>"; };
		CFBAB97729B8255A006FDF8A /* ContentView.swift */ = {isa = PBXFileReference; lastKnownFileType = sourcecode.swift; path = ContentView.swift; sourceTree = "<group>"; };
		CFBAB97929B8255B006FDF8A /* Assets.xcassets */ = {isa = PBXFileReference; lastKnownFileType = folder.assetcatalog; path = Assets.xcassets; sourceTree = "<group>"; };
		CFBAB97C29B8255B006FDF8A /* Preview Assets.xcassets */ = {isa = PBXFileReference; lastKnownFileType = folder.assetcatalog; path = "Preview Assets.xcassets"; sourceTree = "<group>"; };
		CFBAB9A229B8274A006FDF8A /* HomeView.swift */ = {isa = PBXFileReference; lastKnownFileType = sourcecode.swift; path = HomeView.swift; sourceTree = "<group>"; };
		CFBAB9A429B8459C006FDF8A /* News.swift */ = {isa = PBXFileReference; lastKnownFileType = sourcecode.swift; path = News.swift; sourceTree = "<group>"; };
		CFBAB9A629B846C1006FDF8A /* NewsRow.swift */ = {isa = PBXFileReference; lastKnownFileType = sourcecode.swift; path = NewsRow.swift; sourceTree = "<group>"; };
		CFBAB9A829B84A34006FDF8A /* NewsService.swift */ = {isa = PBXFileReference; lastKnownFileType = sourcecode.swift; path = NewsService.swift; sourceTree = "<group>"; };
		CFBAB9AE29B84C85006FDF8A /* NewsSesssion.swift */ = {isa = PBXFileReference; lastKnownFileType = sourcecode.swift; path = NewsSesssion.swift; sourceTree = "<group>"; };
		CFBAB9B129B85B2C006FDF8A /* HomeImageBubble.swift */ = {isa = PBXFileReference; lastKnownFileType = sourcecode.swift; path = HomeImageBubble.swift; sourceTree = "<group>"; };
		CFC9950529ECC83A001AB5E5 /* HomeVMTest.swift */ = {isa = PBXFileReference; lastKnownFileType = sourcecode.swift; path = HomeVMTest.swift; sourceTree = "<group>"; };
		CFD4BCC929E87F6900522D69 /* NewsSearchTest.swift */ = {isa = PBXFileReference; lastKnownFileType = sourcecode.swift; path = NewsSearchTest.swift; sourceTree = "<group>"; };
		CFD4BCCB29E87FCC00522D69 /* NewsErrorTest.swift */ = {isa = PBXFileReference; lastKnownFileType = sourcecode.swift; path = NewsErrorTest.swift; sourceTree = "<group>"; };
		CFE6C58629E85C5D00CEF6D7 /* MyNewsTests.xctest */ = {isa = PBXFileReference; explicitFileType = wrapper.cfbundle; includeInIndex = 0; path = MyNewsTests.xctest; sourceTree = BUILT_PRODUCTS_DIR; };
		CFE6C59829E85F0400CEF6D7 /* FakeNews.json */ = {isa = PBXFileReference; lastKnownFileType = text.json; path = FakeNews.json; sourceTree = "<group>"; };
		CFE6C59A29E85F3900CEF6D7 /* FakeResponse.swift */ = {isa = PBXFileReference; lastKnownFileType = sourcecode.swift; path = FakeResponse.swift; sourceTree = "<group>"; };
		CFE6C59C29E85F6000CEF6D7 /* FakeResponseData.swift */ = {isa = PBXFileReference; lastKnownFileType = sourcecode.swift; path = FakeResponseData.swift; sourceTree = "<group>"; };
		CFE84B8129EB740C0031746E /* HomeViewManager.swift */ = {isa = PBXFileReference; lastKnownFileType = sourcecode.swift; path = HomeViewManager.swift; sourceTree = "<group>"; };
		CFFDCAA629CD8CDC001A8A8B /* LaunchScreen.storyboard */ = {isa = PBXFileReference; lastKnownFileType = file.storyboard; path = LaunchScreen.storyboard; sourceTree = "<group>"; };
/* End PBXFileReference section */

/* Begin PBXFileSystemSynchronizedRootGroup section */
		633F01802CBE81BE00AE3498 /* SettingsViews */ = {isa = PBXFileSystemSynchronizedRootGroup; explicitFileTypes = {}; explicitFolders = (); path = SettingsViews; sourceTree = "<group>"; };
		633F01852CBE822800AE3498 /* SettingsManagers */ = {isa = PBXFileSystemSynchronizedRootGroup; explicitFileTypes = {}; explicitFolders = (); path = SettingsManagers; sourceTree = "<group>"; };
/* End PBXFileSystemSynchronizedRootGroup section */

/* Begin PBXFrameworksBuildPhase section */
		634FA4E12BFAC99400988303 /* Frameworks */ = {
			isa = PBXFrameworksBuildPhase;
			buildActionMask = 2147483647;
			files = (
				632645D22C1F6C4D00999D8C /* FirebaseCrashlytics in Frameworks */,
				632645FF2C1F82DE00999D8C /* Alamofire in Frameworks */,
				632645D02C1F6C4D00999D8C /* FirebaseAuth in Frameworks */,
				632645D62C1F6C6A00999D8C /* FirebaseAnalyticsWithoutAdIdSupport in Frameworks */,
			);
			runOnlyForDeploymentPostprocessing = 0;
		};
		CFBAB96F29B8255A006FDF8A /* Frameworks */ = {
			isa = PBXFrameworksBuildPhase;
			buildActionMask = 2147483647;
			files = (
				632645B52C1F3D8900999D8C /* GoogleSignIn in Frameworks */,
				63DB0E442B68F9F800BB42D2 /* FirebaseCrashlytics in Frameworks */,
				CFBAB9AC29B84A66006FDF8A /* Alamofire in Frameworks */,
				632645B72C1F3D8900999D8C /* GoogleSignInSwift in Frameworks */,
				63DB0E422B68F9F800BB42D2 /* FirebaseAnalyticsWithoutAdIdSupport in Frameworks */,
				632645B22C1F3C9500999D8C /* FirebaseAuth in Frameworks */,
			);
			runOnlyForDeploymentPostprocessing = 0;
		};
		CFE6C58329E85C5D00CEF6D7 /* Frameworks */ = {
			isa = PBXFrameworksBuildPhase;
			buildActionMask = 2147483647;
			files = (
			);
			runOnlyForDeploymentPostprocessing = 0;
		};
/* End PBXFrameworksBuildPhase section */

/* Begin PBXGroup section */
		6306E4AF2A5C994100FB01D8 /* CoreData */ = {
			isa = PBXGroup;
			children = (
				6306E4AC2A5C98FC00FB01D8 /* MyNewsCD.xcdatamodeld */,
				6306E4B02A5C996400FB01D8 /* PersistenceController.swift */,
				6306E4B22A5C99CB00FB01D8 /* FavoriteNews.swift */,
				63F5A4842BEE29D900F72CFA /* FavoriteLinks.swift */,
				634FA4DE2BFAB98900988303 /* SearchHistory.swift */,
			);
			path = CoreData;
			sourceTree = "<group>";
		};
		632645E32C1F6DAA00999D8C /* Supporting Files */ = {
			isa = PBXGroup;
			children = (
				634FA4E62BFAC99400988303 /* MyNewsMacApp.swift */,
			);
			path = "Supporting Files";
			sourceTree = "<group>";
		};
		632645E42C1F6DED00999D8C /* Views */ = {
			isa = PBXGroup;
			children = (
				634FA4E82BFAC99400988303 /* ContentView.swift */,
				632645EB2C1F72B300999D8C /* HomeView.swift */,
				632645EF2C1F72DA00999D8C /* FluxView.swift */,
				632645FA2C1F76D400999D8C /* NewsDetailView.swift */,
			);
			path = Views;
			sourceTree = "<group>";
		};
		632645E52C1F6DF800999D8C /* View Model */ = {
			isa = PBXGroup;
			children = (
			);
			path = "View Model";
			sourceTree = "<group>";
		};
		634FA4E52BFAC99400988303 /* MyNewsMac */ = {
			isa = PBXGroup;
			children = (
				634FA4F12BFAC99600988303 /* MyNewsMac.entitlements */,
				632645E32C1F6DAA00999D8C /* Supporting Files */,
				632645E42C1F6DED00999D8C /* Views */,
				632645E52C1F6DF800999D8C /* View Model */,
				634FA4EE2BFAC99600988303 /* Preview Content */,
			);
			path = MyNewsMac;
			sourceTree = "<group>";
		};
		634FA4EE2BFAC99600988303 /* Preview Content */ = {
			isa = PBXGroup;
			children = (
				634FA4EF2BFAC99600988303 /* Preview Assets.xcassets */,
			);
			path = "Preview Content";
			sourceTree = "<group>";
		};
		638EB4962BB69C9000ED1736 /* ConnectionViews */ = {
			isa = PBXGroup;
			children = (
				638EB4972BB69CAA00ED1736 /* ConnectionView.swift */,
				632645B92C1F3FA400999D8C /* CustomTextField.swift */,
			);
			path = ConnectionViews;
			sourceTree = "<group>";
		};
		63976B5C2B60E92200F847EE /* FavoriteNews */ = {
			isa = PBXGroup;
			children = (
				63976B5D2B60E93D00F847EE /* FavoriteNewsTest.swift */,
			);
			path = FavoriteNews;
			sourceTree = "<group>";
		};
		63AB9C4C2BD37F880044F765 /* FluxView */ = {
			isa = PBXGroup;
			children = (
				63CABB532BF3EC9300290D23 /* UtilsView */,
				63AB9C4D2BD37FAF0044F765 /* FluxView.swift */,
				63F5A4822BEDA4D900F72CFA /* ListRssSheetView.swift */,
				63BB459D2BF3BB40004B9E71 /* RssRow.swift */,
			);
			path = FluxView;
			sourceTree = "<group>";
		};
		63BB459C2BF3BAF3004B9E71 /* RSS */ = {
			isa = PBXGroup;
			children = (
				63AB9C4F2BD381E90044F765 /* RSSFetcher.swift */,
				63AB9C512BD3827D0044F765 /* RSSItem.swift */,
				63CABB512BF3E07700290D23 /* Link.swift */,
			);
			path = RSS;
			sourceTree = "<group>";
		};
		63CABB532BF3EC9300290D23 /* UtilsView */ = {
			isa = PBXGroup;
			children = (
				63CABB542BF3ECB100290D23 /* RSSListSection.swift */,
			);
			path = UtilsView;
			sourceTree = "<group>";
		};
		CF5EFE8829B866A8002598C3 /* UtilsView */ = {
			isa = PBXGroup;
			children = (
				CF5EFE9029C008AF002598C3 /* NewsDetailView.swift */,
				CFBAB9A629B846C1006FDF8A /* NewsRow.swift */,
				CF5EFE8929B866C0002598C3 /* ThemeButton.swift */,
				CF919C5029CB4DBC009A73FC /* SafariView.swift */,
				CFFDCAA629CD8CDC001A8A8B /* LaunchScreen.storyboard */,
				63031E172A5E88FD00C72A7D /* ListArticleView.swift */,
				632107FE2BFA95CB00902A3D /* ShareSheet.swift */,
				634FA4F52BFE8C7200988303 /* UnFocusedButton.swift */,
			);
			path = UtilsView;
			sourceTree = "<group>";
		};
		CF5EFE8D29B88EE9002598C3 /* Error */ = {
			isa = PBXGroup;
			children = (
				CF5EFE8E29B88EFB002598C3 /* NewsError.swift */,
				63BB45A32BF3DAC4004B9E71 /* RSSError.swift */,
				63CABB4F2BF3DFC100290D23 /* LinkError.swift */,
			);
			path = Error;
			sourceTree = "<group>";
		};
		CF80FEBC29ECD47E00F074EF /* Supporting Files */ = {
			isa = PBXGroup;
			children = (
				CFBAB97529B8255A006FDF8A /* MyNewsApp.swift */,
				CFBAB97929B8255B006FDF8A /* Assets.xcassets */,
			);
			path = "Supporting Files";
			sourceTree = "<group>";
		};
		CF919C4F29CB4D91009A73FC /* News */ = {
			isa = PBXGroup;
			children = (
				CFBAB9A229B8274A006FDF8A /* HomeView.swift */,
				CF49455C29C016B700558ABA /* DiscoverView.swift */,
				CF919C4A29C8867B009A73FC /* NewsListView.swift */,
				6306E4AA2A5C988300FB01D8 /* BookMarkView.swift */,
			);
			path = News;
			sourceTree = "<group>";
		};
		CFBAB96929B8255A006FDF8A = {
			isa = PBXGroup;
			children = (
				CFBAB97429B8255A006FDF8A /* MyNews */,
				CFE6C58729E85C5D00CEF6D7 /* MyNewsTests */,
				634FA4E52BFAC99400988303 /* MyNewsMac */,
				CFBAB97329B8255A006FDF8A /* Products */,
				CFE6C57929E85AED00CEF6D7 /* Frameworks */,
			);
			sourceTree = "<group>";
		};
		CFBAB97329B8255A006FDF8A /* Products */ = {
			isa = PBXGroup;
			children = (
				CFBAB97229B8255A006FDF8A /* MyNews.app */,
				CFE6C58629E85C5D00CEF6D7 /* MyNewsTests.xctest */,
				634FA4E42BFAC99400988303 /* MyNewsMac.app */,
			);
			name = Products;
			sourceTree = "<group>";
		};
		CFBAB97429B8255A006FDF8A /* MyNews */ = {
			isa = PBXGroup;
			children = (
				632645B82C1F3F0200999D8C /* Info.plist */,
				CF80FEBC29ECD47E00F074EF /* Supporting Files */,
				CFBAB99F29B8256A006FDF8A /* Model */,
				CFBAB9A029B82575006FDF8A /* View */,
				CFBAB9A129B8257E006FDF8A /* ViewModel */,
				CFBAB97B29B8255B006FDF8A /* Preview Content */,
				63DB0E3E2B68F85000BB42D2 /* GoogleService-Info.plist */,
			);
			path = MyNews;
			sourceTree = "<group>";
		};
		CFBAB97B29B8255B006FDF8A /* Preview Content */ = {
			isa = PBXGroup;
			children = (
				CFBAB97C29B8255B006FDF8A /* Preview Assets.xcassets */,
			);
			path = "Preview Content";
			sourceTree = "<group>";
		};
		CFBAB99F29B8256A006FDF8A /* Model */ = {
			isa = PBXGroup;
			children = (
				6306E4AF2A5C994100FB01D8 /* CoreData */,
				CF5EFE8D29B88EE9002598C3 /* Error */,
				CFBAB9AD29B84C4B006FDF8A /* News */,
				63BB459C2BF3BAF3004B9E71 /* RSS */,
				63136BBE2A539EC700D58588 /* User.swift */,
				632645E62C1F6EDF00999D8C /* TabViewSelection.swift */,
			);
			path = Model;
			sourceTree = "<group>";
		};
		CFBAB9A029B82575006FDF8A /* View */ = {
			isa = PBXGroup;
			children = (
				CFBAB97729B8255A006FDF8A /* ContentView.swift */,
				63B395312C1E65CA00FC3512 /* SettingsView.swift */,
				633F01802CBE81BE00AE3498 /* SettingsViews */,
				638EB4962BB69C9000ED1736 /* ConnectionViews */,
				CF5EFE8829B866A8002598C3 /* UtilsView */,
				CFBAB9B029B85AFF006FDF8A /* ImagesView */,
				CF919C4F29CB4D91009A73FC /* News */,
				63AB9C4C2BD37F880044F765 /* FluxView */,
			);
			path = View;
			sourceTree = "<group>";
		};
		CFBAB9A129B8257E006FDF8A /* ViewModel */ = {
			isa = PBXGroup;
			children = (
				633F01852CBE822800AE3498 /* SettingsManagers */,
				CF5EFE8B29B88A1B002598C3 /* SearchNewsManager.swift */,
				CFE84B8129EB740C0031746E /* HomeViewManager.swift */,
				63031E152A5CA75400C72A7D /* FavoriteNewsManager.swift */,
				63BB45A12BF3D737004B9E71 /* FluxViewManager.swift */,
				632107FB2BF8C5A300902A3D /* LinkManager.swift */,
				632645BB2C1F415C00999D8C /* LoginViewModel.swift */,
			);
			path = ViewModel;
			sourceTree = "<group>";
		};
		CFBAB9AD29B84C4B006FDF8A /* News */ = {
			isa = PBXGroup;
			children = (
				CFBAB9A429B8459C006FDF8A /* News.swift */,
				CFBAB9A829B84A34006FDF8A /* NewsService.swift */,
				CFBAB9AE29B84C85006FDF8A /* NewsSesssion.swift */,
				CF5EFE8629B8665B002598C3 /* Theme.swift */,
			);
			path = News;
			sourceTree = "<group>";
		};
		CFBAB9B029B85AFF006FDF8A /* ImagesView */ = {
			isa = PBXGroup;
			children = (
				CFBAB9B129B85B2C006FDF8A /* HomeImageBubble.swift */,
			);
			path = ImagesView;
			sourceTree = "<group>";
		};
		CFD4BCC829E87F1900522D69 /* NewsSearch */ = {
			isa = PBXGroup;
			children = (
				CFD4BCC929E87F6900522D69 /* NewsSearchTest.swift */,
				CFD4BCCB29E87FCC00522D69 /* NewsErrorTest.swift */,
				CFC9950529ECC83A001AB5E5 /* HomeVMTest.swift */,
				63DFE9332B5FBCFA003009C1 /* FavoriteNewsManagerTest.swift */,
			);
			path = NewsSearch;
			sourceTree = "<group>";
		};
		CFE6C57929E85AED00CEF6D7 /* Frameworks */ = {
			isa = PBXGroup;
			children = (
			);
			name = Frameworks;
			sourceTree = "<group>";
		};
		CFE6C58729E85C5D00CEF6D7 /* MyNewsTests */ = {
			isa = PBXGroup;
			children = (
				63976B5C2B60E92200F847EE /* FavoriteNews */,
				CFD4BCC829E87F1900522D69 /* NewsSearch */,
				CFE6C59729E85EB100CEF6D7 /* NewsServiceTest */,
			);
			path = MyNewsTests;
			sourceTree = "<group>";
		};
		CFE6C59729E85EB100CEF6D7 /* NewsServiceTest */ = {
			isa = PBXGroup;
			children = (
				CFE6C59829E85F0400CEF6D7 /* FakeNews.json */,
				CFE6C59A29E85F3900CEF6D7 /* FakeResponse.swift */,
				CFE6C59C29E85F6000CEF6D7 /* FakeResponseData.swift */,
				CF022DE729E85FA0008B5890 /* MyNewsServiceTests.swift */,
				CF022DE929E8609D008B5890 /* NewsSessionFake.swift */,
			);
			path = NewsServiceTest;
			sourceTree = "<group>";
		};
/* End PBXGroup section */

/* Begin PBXNativeTarget section */
		634FA4E32BFAC99400988303 /* MyNewsMac */ = {
			isa = PBXNativeTarget;
			buildConfigurationList = 634FA4F42BFAC99600988303 /* Build configuration list for PBXNativeTarget "MyNewsMac" */;
			buildPhases = (
				634FA4E02BFAC99400988303 /* Sources */,
				634FA4E12BFAC99400988303 /* Frameworks */,
				634FA4E22BFAC99400988303 /* Resources */,
			);
			buildRules = (
			);
			dependencies = (
			);
			fileSystemSynchronizedGroups = (
				633F01852CBE822800AE3498 /* SettingsManagers */,
			);
			name = MyNewsMac;
			packageProductDependencies = (
				632645CF2C1F6C4D00999D8C /* FirebaseAuth */,
				632645D12C1F6C4D00999D8C /* FirebaseCrashlytics */,
				632645D52C1F6C6A00999D8C /* FirebaseAnalyticsWithoutAdIdSupport */,
				632645FE2C1F82DE00999D8C /* Alamofire */,
			);
			productName = MyNewsMac;
			productReference = 634FA4E42BFAC99400988303 /* MyNewsMac.app */;
			productType = "com.apple.product-type.application";
		};
		CFBAB97129B8255A006FDF8A /* MyNews */ = {
			isa = PBXNativeTarget;
			buildConfigurationList = CFBAB99629B8255B006FDF8A /* Build configuration list for PBXNativeTarget "MyNews" */;
			buildPhases = (
				CFBAB96E29B8255A006FDF8A /* Sources */,
				CFBAB96F29B8255A006FDF8A /* Frameworks */,
				CFBAB97029B8255A006FDF8A /* Resources */,
			);
			buildRules = (
			);
			dependencies = (
			);
			fileSystemSynchronizedGroups = (
				633F01802CBE81BE00AE3498 /* SettingsViews */,
				633F01852CBE822800AE3498 /* SettingsManagers */,
			);
			name = MyNews;
			packageProductDependencies = (
				CFBAB9AB29B84A66006FDF8A /* Alamofire */,
				63DB0E412B68F9F800BB42D2 /* FirebaseAnalyticsWithoutAdIdSupport */,
				63DB0E432B68F9F800BB42D2 /* FirebaseCrashlytics */,
				632645B12C1F3C9500999D8C /* FirebaseAuth */,
				632645B42C1F3D8900999D8C /* GoogleSignIn */,
				632645B62C1F3D8900999D8C /* GoogleSignInSwift */,
			);
			productName = MyNews;
			productReference = CFBAB97229B8255A006FDF8A /* MyNews.app */;
			productType = "com.apple.product-type.application";
		};
		CFE6C58529E85C5D00CEF6D7 /* MyNewsTests */ = {
			isa = PBXNativeTarget;
			buildConfigurationList = CFE6C58C29E85C5D00CEF6D7 /* Build configuration list for PBXNativeTarget "MyNewsTests" */;
			buildPhases = (
				CFE6C58229E85C5D00CEF6D7 /* Sources */,
				CFE6C58329E85C5D00CEF6D7 /* Frameworks */,
				CFE6C58429E85C5D00CEF6D7 /* Resources */,
			);
			buildRules = (
			);
			dependencies = (
				CFE6C58B29E85C5D00CEF6D7 /* PBXTargetDependency */,
			);
			name = MyNewsTests;
			packageProductDependencies = (
			);
			productName = MyNewsTests;
			productReference = CFE6C58629E85C5D00CEF6D7 /* MyNewsTests.xctest */;
			productType = "com.apple.product-type.bundle.unit-test";
		};
/* End PBXNativeTarget section */

/* Begin PBXProject section */
		CFBAB96A29B8255A006FDF8A /* Project object */ = {
			isa = PBXProject;
			attributes = {
				BuildIndependentTargetsInParallel = 1;
				LastSwiftUpdateCheck = 1540;
				LastUpgradeCheck = 1540;
				TargetAttributes = {
					634FA4E32BFAC99400988303 = {
						CreatedOnToolsVersion = 15.4;
					};
					CFBAB97129B8255A006FDF8A = {
						CreatedOnToolsVersion = 14.2;
					};
					CFE6C58529E85C5D00CEF6D7 = {
						CreatedOnToolsVersion = 14.3;
						TestTargetID = CFBAB97129B8255A006FDF8A;
					};
				};
			};
			buildConfigurationList = CFBAB96D29B8255A006FDF8A /* Build configuration list for PBXProject "MyNews" */;
			compatibilityVersion = "Xcode 14.0";
			developmentRegion = en;
			hasScannedForEncodings = 0;
			knownRegions = (
				en,
				Base,
			);
			mainGroup = CFBAB96929B8255A006FDF8A;
			packageReferences = (
				CFBAB9AA29B84A66006FDF8A /* XCRemoteSwiftPackageReference "Alamofire" */,
				63DB0E402B68F9F800BB42D2 /* XCRemoteSwiftPackageReference "firebase-ios-sdk" */,
				632645B32C1F3D8900999D8C /* XCRemoteSwiftPackageReference "GoogleSignIn-iOS" */,
			);
			productRefGroup = CFBAB97329B8255A006FDF8A /* Products */;
			projectDirPath = "";
			projectRoot = "";
			targets = (
				CFBAB97129B8255A006FDF8A /* MyNews */,
				CFE6C58529E85C5D00CEF6D7 /* MyNewsTests */,
				634FA4E32BFAC99400988303 /* MyNewsMac */,
			);
		};
/* End PBXProject section */

/* Begin PBXResourcesBuildPhase section */
		634FA4E22BFAC99400988303 /* Resources */ = {
			isa = PBXResourcesBuildPhase;
			buildActionMask = 2147483647;
			files = (
				634FA4F02BFAC99600988303 /* Preview Assets.xcassets in Resources */,
				632645F92C1F764E00999D8C /* Assets.xcassets in Resources */,
			);
			runOnlyForDeploymentPostprocessing = 0;
		};
		CFBAB97029B8255A006FDF8A /* Resources */ = {
			isa = PBXResourcesBuildPhase;
			buildActionMask = 2147483647;
			files = (
				CFFDCAA729CD8CDC001A8A8B /* LaunchScreen.storyboard in Resources */,
				63DB0E3F2B68F85000BB42D2 /* GoogleService-Info.plist in Resources */,
				CFBAB97D29B8255B006FDF8A /* Preview Assets.xcassets in Resources */,
				CFBAB97A29B8255B006FDF8A /* Assets.xcassets in Resources */,
			);
			runOnlyForDeploymentPostprocessing = 0;
		};
		CFE6C58429E85C5D00CEF6D7 /* Resources */ = {
			isa = PBXResourcesBuildPhase;
			buildActionMask = 2147483647;
			files = (
				CFE6C59929E85F0400CEF6D7 /* FakeNews.json in Resources */,
			);
			runOnlyForDeploymentPostprocessing = 0;
		};
/* End PBXResourcesBuildPhase section */

/* Begin PBXSourcesBuildPhase section */
		634FA4E02BFAC99400988303 /* Sources */ = {
			isa = PBXSourcesBuildPhase;
			buildActionMask = 2147483647;
			files = (
				634FA4E92BFAC99400988303 /* ContentView.swift in Sources */,
				632645C22C1F6BE800999D8C /* NewsError.swift in Sources */,
				632645C72C1F6BF800999D8C /* NewsSesssion.swift in Sources */,
				632645C92C1F6BFE00999D8C /* RSSFetcher.swift in Sources */,
				632645C02C1F6BCE00999D8C /* FavoriteLinks.swift in Sources */,
				632645FC2C1F7F5800999D8C /* HomeImageBubble.swift in Sources */,
				632645BF2C1F6BCA00999D8C /* FavoriteNews.swift in Sources */,
				632645F52C1F75C700999D8C /* NewsListView.swift in Sources */,
				634FA4E72BFAC99400988303 /* MyNewsMacApp.swift in Sources */,
				632645C52C1F6BF200999D8C /* News.swift in Sources */,
				632645F72C1F75DA00999D8C /* NewsRow.swift in Sources */,
				632645C62C1F6BF500999D8C /* NewsService.swift in Sources */,
				632645E82C1F6F2700999D8C /* TabViewSelection.swift in Sources */,
				632645F62C1F75D300999D8C /* ListArticleView.swift in Sources */,
				632645BD2C1F6BC300999D8C /* MyNewsCD.xcdatamodeld in Sources */,
				632645E02C1F6D3A00999D8C /* FavoriteNewsManager.swift in Sources */,
				632645DE2C1F6D3500999D8C /* SearchNewsManager.swift in Sources */,
				632645E22C1F6D4000999D8C /* LinkManager.swift in Sources */,
				632645F02C1F72DA00999D8C /* FluxView.swift in Sources */,
				632645EC2C1F72B400999D8C /* HomeView.swift in Sources */,
				632645DF2C1F6D3700999D8C /* HomeViewManager.swift in Sources */,
				632645C32C1F6BEB00999D8C /* RSSError.swift in Sources */,
				632645C42C1F6BEE00999D8C /* LinkError.swift in Sources */,
				632645C82C1F6BFB00999D8C /* Theme.swift in Sources */,
				632645CA2C1F6C0000999D8C /* RSSItem.swift in Sources */,
				632645CB2C1F6C0300999D8C /* Link.swift in Sources */,
				632645FD2C1F7F8300999D8C /* NewsDetailView.swift in Sources */,
				632645C12C1F6BD100999D8C /* SearchHistory.swift in Sources */,
				632645E12C1F6D3E00999D8C /* FluxViewManager.swift in Sources */,
				632645BE2C1F6BC700999D8C /* PersistenceController.swift in Sources */,
				632645CC2C1F6C0700999D8C /* User.swift in Sources */,
			);
			runOnlyForDeploymentPostprocessing = 0;
		};
		CFBAB96E29B8255A006FDF8A /* Sources */ = {
			isa = PBXSourcesBuildPhase;
			buildActionMask = 2147483647;
			files = (
				CF5EFE8729B8665B002598C3 /* Theme.swift in Sources */,
				63AB9C4E2BD37FAF0044F765 /* FluxView.swift in Sources */,
				CF5EFE8F29B88EFB002598C3 /* NewsError.swift in Sources */,
				63AB9C522BD3827D0044F765 /* RSSItem.swift in Sources */,
				632107FC2BF8C5A300902A3D /* LinkManager.swift in Sources */,
				63B395322C1E65CA00FC3512 /* SettingsView.swift in Sources */,
				CFBAB9B229B85B2C006FDF8A /* HomeImageBubble.swift in Sources */,
				63BB45A22BF3D737004B9E71 /* FluxViewManager.swift in Sources */,
				6306E4AE2A5C98FC00FB01D8 /* MyNewsCD.xcdatamodeld in Sources */,
				632645E72C1F6EDF00999D8C /* TabViewSelection.swift in Sources */,
				63BB45A42BF3DAC4004B9E71 /* RSSError.swift in Sources */,
				CFBAB9A929B84A34006FDF8A /* NewsService.swift in Sources */,
				634FA4DF2BFAB98900988303 /* SearchHistory.swift in Sources */,
				6306E4AB2A5C988300FB01D8 /* BookMarkView.swift in Sources */,
				CFBAB9A329B8274A006FDF8A /* HomeView.swift in Sources */,
				632645BA2C1F3FA400999D8C /* CustomTextField.swift in Sources */,
				CFBAB97829B8255A006FDF8A /* ContentView.swift in Sources */,
				CF5EFE8C29B88A1B002598C3 /* SearchNewsManager.swift in Sources */,
				CF919C4B29C8867B009A73FC /* NewsListView.swift in Sources */,
				634FA4F62BFE8C7200988303 /* UnFocusedButton.swift in Sources */,
				63031E162A5CA75400C72A7D /* FavoriteNewsManager.swift in Sources */,
				632645BC2C1F415C00999D8C /* LoginViewModel.swift in Sources */,
				638EB4982BB69CAA00ED1736 /* ConnectionView.swift in Sources */,
				63031E182A5E88FD00C72A7D /* ListArticleView.swift in Sources */,
				6306E4B32A5C99CB00FB01D8 /* FavoriteNews.swift in Sources */,
				CFBAB9AF29B84C85006FDF8A /* NewsSesssion.swift in Sources */,
				CFBAB9A529B8459C006FDF8A /* News.swift in Sources */,
				CFBAB9A729B846C1006FDF8A /* NewsRow.swift in Sources */,
				63BB459E2BF3BB40004B9E71 /* RssRow.swift in Sources */,
				CFBAB97629B8255A006FDF8A /* MyNewsApp.swift in Sources */,
				CF919C5129CB4DBC009A73FC /* SafariView.swift in Sources */,
				63CABB552BF3ECB100290D23 /* RSSListSection.swift in Sources */,
				63F5A4832BEDA4D900F72CFA /* ListRssSheetView.swift in Sources */,
				63AB9C502BD381E90044F765 /* RSSFetcher.swift in Sources */,
				6306E4B12A5C996400FB01D8 /* PersistenceController.swift in Sources */,
				CF49455D29C016B700558ABA /* DiscoverView.swift in Sources */,
				63CABB502BF3DFC100290D23 /* LinkError.swift in Sources */,
				63CABB522BF3E07700290D23 /* Link.swift in Sources */,
				63136BBF2A539EC700D58588 /* User.swift in Sources */,
				CF5EFE8A29B866C0002598C3 /* ThemeButton.swift in Sources */,
				63F5A4852BEE29D900F72CFA /* FavoriteLinks.swift in Sources */,
				632107FF2BFA95CB00902A3D /* ShareSheet.swift in Sources */,
				CFE84B8229EB740C0031746E /* HomeViewManager.swift in Sources */,
				CF5EFE9129C008AF002598C3 /* NewsDetailView.swift in Sources */,
			);
			runOnlyForDeploymentPostprocessing = 0;
		};
		CFE6C58229E85C5D00CEF6D7 /* Sources */ = {
			isa = PBXSourcesBuildPhase;
			buildActionMask = 2147483647;
			files = (
				CFE6C59B29E85F3900CEF6D7 /* FakeResponse.swift in Sources */,
				CFC9950629ECC83A001AB5E5 /* HomeVMTest.swift in Sources */,
				CFD4BCCC29E87FCC00522D69 /* NewsErrorTest.swift in Sources */,
				CF022DE829E85FA0008B5890 /* MyNewsServiceTests.swift in Sources */,
				CF022DEA29E8609D008B5890 /* NewsSessionFake.swift in Sources */,
				CFE6C59D29E85F6000CEF6D7 /* FakeResponseData.swift in Sources */,
				63DFE9342B5FBCFA003009C1 /* FavoriteNewsManagerTest.swift in Sources */,
				63976B5E2B60E93D00F847EE /* FavoriteNewsTest.swift in Sources */,
				CFD4BCCA29E87F6900522D69 /* NewsSearchTest.swift in Sources */,
			);
			runOnlyForDeploymentPostprocessing = 0;
		};
/* End PBXSourcesBuildPhase section */

/* Begin PBXTargetDependency section */
		CFE6C58B29E85C5D00CEF6D7 /* PBXTargetDependency */ = {
			isa = PBXTargetDependency;
			target = CFBAB97129B8255A006FDF8A /* MyNews */;
			targetProxy = CFE6C58A29E85C5D00CEF6D7 /* PBXContainerItemProxy */;
		};
/* End PBXTargetDependency section */

/* Begin XCBuildConfiguration section */
		634FA4F22BFAC99600988303 /* Debug */ = {
			isa = XCBuildConfiguration;
			buildSettings = {
				ASSETCATALOG_COMPILER_APPICON_NAME = AppIcon;
				ASSETCATALOG_COMPILER_GLOBAL_ACCENT_COLOR_NAME = AccentColor;
				CODE_SIGN_ENTITLEMENTS = MyNewsMac/MyNewsMac.entitlements;
				"CODE_SIGN_IDENTITY[sdk=macosx*]" = "Apple Development";
				CODE_SIGN_STYLE = Automatic;
				COMBINE_HIDPI_IMAGES = YES;
				CURRENT_PROJECT_VERSION = 1;
				DEAD_CODE_STRIPPING = YES;
				DEBUG_INFORMATION_FORMAT = dwarf;
				DEVELOPMENT_ASSET_PATHS = "\"MyNewsMac/Preview Content\"";
				DEVELOPMENT_TEAM = P9TXP3LGTK;
				ENABLE_HARDENED_RUNTIME = YES;
				ENABLE_PREVIEWS = YES;
				GCC_C_LANGUAGE_STANDARD = gnu17;
				GENERATE_INFOPLIST_FILE = YES;
				INFOPLIST_KEY_LSApplicationCategoryType = "public.app-category.news";
				INFOPLIST_KEY_NSHumanReadableCopyright = "";
				LD_RUNPATH_SEARCH_PATHS = (
					"$(inherited)",
					"@executable_path/../Frameworks",
				);
				LOCALIZATION_PREFERS_STRING_CATALOGS = YES;
				MACOSX_DEPLOYMENT_TARGET = 14.5;
				MARKETING_VERSION = 1.0;
				PRODUCT_BUNDLE_IDENTIFIER = "com.daguin-jsebastien.MyNewsMac";
				PRODUCT_NAME = "$(TARGET_NAME)";
				SDKROOT = macosx;
				SWIFT_ACTIVE_COMPILATION_CONDITIONS = "DEBUG $(inherited)";
				SWIFT_EMIT_LOC_STRINGS = YES;
				SWIFT_VERSION = 5.0;
			};
			name = Debug;
		};
		634FA4F32BFAC99600988303 /* Release */ = {
			isa = XCBuildConfiguration;
			buildSettings = {
				ASSETCATALOG_COMPILER_APPICON_NAME = AppIcon;
				ASSETCATALOG_COMPILER_GLOBAL_ACCENT_COLOR_NAME = AccentColor;
				CODE_SIGN_ENTITLEMENTS = MyNewsMac/MyNewsMac.entitlements;
				"CODE_SIGN_IDENTITY[sdk=macosx*]" = "Apple Development";
				CODE_SIGN_STYLE = Automatic;
				COMBINE_HIDPI_IMAGES = YES;
				CURRENT_PROJECT_VERSION = 1;
				DEAD_CODE_STRIPPING = YES;
				DEVELOPMENT_ASSET_PATHS = "\"MyNewsMac/Preview Content\"";
				DEVELOPMENT_TEAM = P9TXP3LGTK;
				ENABLE_HARDENED_RUNTIME = YES;
				ENABLE_PREVIEWS = YES;
				GCC_C_LANGUAGE_STANDARD = gnu17;
				GENERATE_INFOPLIST_FILE = YES;
				INFOPLIST_KEY_LSApplicationCategoryType = "public.app-category.news";
				INFOPLIST_KEY_NSHumanReadableCopyright = "";
				LD_RUNPATH_SEARCH_PATHS = (
					"$(inherited)",
					"@executable_path/../Frameworks",
				);
				LOCALIZATION_PREFERS_STRING_CATALOGS = YES;
				MACOSX_DEPLOYMENT_TARGET = 14.5;
				MARKETING_VERSION = 1.0;
				PRODUCT_BUNDLE_IDENTIFIER = "com.daguin-jsebastien.MyNewsMac";
				PRODUCT_NAME = "$(TARGET_NAME)";
				SDKROOT = macosx;
				SWIFT_EMIT_LOC_STRINGS = YES;
				SWIFT_VERSION = 5.0;
			};
			name = Release;
		};
		CFBAB99429B8255B006FDF8A /* Debug */ = {
			isa = XCBuildConfiguration;
			buildSettings = {
				ALWAYS_SEARCH_USER_PATHS = NO;
				ASSETCATALOG_COMPILER_GENERATE_SWIFT_ASSET_SYMBOL_EXTENSIONS = YES;
				CLANG_ANALYZER_NONNULL = YES;
				CLANG_ANALYZER_NUMBER_OBJECT_CONVERSION = YES_AGGRESSIVE;
				CLANG_CXX_LANGUAGE_STANDARD = "gnu++20";
				CLANG_ENABLE_MODULES = YES;
				CLANG_ENABLE_OBJC_ARC = YES;
				CLANG_ENABLE_OBJC_WEAK = YES;
				CLANG_WARN_BLOCK_CAPTURE_AUTORELEASING = YES;
				CLANG_WARN_BOOL_CONVERSION = YES;
				CLANG_WARN_COMMA = YES;
				CLANG_WARN_CONSTANT_CONVERSION = YES;
				CLANG_WARN_DEPRECATED_OBJC_IMPLEMENTATIONS = YES;
				CLANG_WARN_DIRECT_OBJC_ISA_USAGE = YES_ERROR;
				CLANG_WARN_DOCUMENTATION_COMMENTS = YES;
				CLANG_WARN_EMPTY_BODY = YES;
				CLANG_WARN_ENUM_CONVERSION = YES;
				CLANG_WARN_INFINITE_RECURSION = YES;
				CLANG_WARN_INT_CONVERSION = YES;
				CLANG_WARN_NON_LITERAL_NULL_CONVERSION = YES;
				CLANG_WARN_OBJC_IMPLICIT_RETAIN_SELF = YES;
				CLANG_WARN_OBJC_LITERAL_CONVERSION = YES;
				CLANG_WARN_OBJC_ROOT_CLASS = YES_ERROR;
				CLANG_WARN_QUOTED_INCLUDE_IN_FRAMEWORK_HEADER = YES;
				CLANG_WARN_RANGE_LOOP_ANALYSIS = YES;
				CLANG_WARN_STRICT_PROTOTYPES = YES;
				CLANG_WARN_SUSPICIOUS_MOVE = YES;
				CLANG_WARN_UNGUARDED_AVAILABILITY = YES_AGGRESSIVE;
				CLANG_WARN_UNREACHABLE_CODE = YES;
				CLANG_WARN__DUPLICATE_METHOD_MATCH = YES;
				COPY_PHASE_STRIP = NO;
				DEBUG_INFORMATION_FORMAT = "dwarf-with-dsym";
				ENABLE_STRICT_OBJC_MSGSEND = YES;
				ENABLE_TESTABILITY = YES;
				ENABLE_USER_SCRIPT_SANDBOXING = YES;
				GCC_C_LANGUAGE_STANDARD = gnu11;
				GCC_DYNAMIC_NO_PIC = NO;
				GCC_NO_COMMON_BLOCKS = YES;
				GCC_OPTIMIZATION_LEVEL = 0;
				GCC_PREPROCESSOR_DEFINITIONS = (
					"DEBUG=1",
					"$(inherited)",
				);
				GCC_WARN_64_TO_32_BIT_CONVERSION = YES;
				GCC_WARN_ABOUT_RETURN_TYPE = YES_ERROR;
				GCC_WARN_UNDECLARED_SELECTOR = YES;
				GCC_WARN_UNINITIALIZED_AUTOS = YES_AGGRESSIVE;
				GCC_WARN_UNUSED_FUNCTION = YES;
				GCC_WARN_UNUSED_VARIABLE = YES;
				IPHONEOS_DEPLOYMENT_TARGET = 16.2;
				MTL_ENABLE_DEBUG_INFO = INCLUDE_SOURCE;
				MTL_FAST_MATH = YES;
				ONLY_ACTIVE_ARCH = YES;
				SDKROOT = iphoneos;
				SWIFT_ACTIVE_COMPILATION_CONDITIONS = DEBUG;
				SWIFT_OPTIMIZATION_LEVEL = "-Onone";
			};
			name = Debug;
		};
		CFBAB99529B8255B006FDF8A /* Release */ = {
			isa = XCBuildConfiguration;
			buildSettings = {
				ALWAYS_SEARCH_USER_PATHS = NO;
				ASSETCATALOG_COMPILER_GENERATE_SWIFT_ASSET_SYMBOL_EXTENSIONS = YES;
				CLANG_ANALYZER_NONNULL = YES;
				CLANG_ANALYZER_NUMBER_OBJECT_CONVERSION = YES_AGGRESSIVE;
				CLANG_CXX_LANGUAGE_STANDARD = "gnu++20";
				CLANG_ENABLE_MODULES = YES;
				CLANG_ENABLE_OBJC_ARC = YES;
				CLANG_ENABLE_OBJC_WEAK = YES;
				CLANG_WARN_BLOCK_CAPTURE_AUTORELEASING = YES;
				CLANG_WARN_BOOL_CONVERSION = YES;
				CLANG_WARN_COMMA = YES;
				CLANG_WARN_CONSTANT_CONVERSION = YES;
				CLANG_WARN_DEPRECATED_OBJC_IMPLEMENTATIONS = YES;
				CLANG_WARN_DIRECT_OBJC_ISA_USAGE = YES_ERROR;
				CLANG_WARN_DOCUMENTATION_COMMENTS = YES;
				CLANG_WARN_EMPTY_BODY = YES;
				CLANG_WARN_ENUM_CONVERSION = YES;
				CLANG_WARN_INFINITE_RECURSION = YES;
				CLANG_WARN_INT_CONVERSION = YES;
				CLANG_WARN_NON_LITERAL_NULL_CONVERSION = YES;
				CLANG_WARN_OBJC_IMPLICIT_RETAIN_SELF = YES;
				CLANG_WARN_OBJC_LITERAL_CONVERSION = YES;
				CLANG_WARN_OBJC_ROOT_CLASS = YES_ERROR;
				CLANG_WARN_QUOTED_INCLUDE_IN_FRAMEWORK_HEADER = YES;
				CLANG_WARN_RANGE_LOOP_ANALYSIS = YES;
				CLANG_WARN_STRICT_PROTOTYPES = YES;
				CLANG_WARN_SUSPICIOUS_MOVE = YES;
				CLANG_WARN_UNGUARDED_AVAILABILITY = YES_AGGRESSIVE;
				CLANG_WARN_UNREACHABLE_CODE = YES;
				CLANG_WARN__DUPLICATE_METHOD_MATCH = YES;
				COPY_PHASE_STRIP = NO;
				DEBUG_INFORMATION_FORMAT = "dwarf-with-dsym";
				ENABLE_NS_ASSERTIONS = NO;
				ENABLE_STRICT_OBJC_MSGSEND = YES;
				ENABLE_USER_SCRIPT_SANDBOXING = YES;
				GCC_C_LANGUAGE_STANDARD = gnu11;
				GCC_NO_COMMON_BLOCKS = YES;
				GCC_WARN_64_TO_32_BIT_CONVERSION = YES;
				GCC_WARN_ABOUT_RETURN_TYPE = YES_ERROR;
				GCC_WARN_UNDECLARED_SELECTOR = YES;
				GCC_WARN_UNINITIALIZED_AUTOS = YES_AGGRESSIVE;
				GCC_WARN_UNUSED_FUNCTION = YES;
				GCC_WARN_UNUSED_VARIABLE = YES;
				IPHONEOS_DEPLOYMENT_TARGET = 16.2;
				MTL_ENABLE_DEBUG_INFO = NO;
				MTL_FAST_MATH = YES;
				SDKROOT = iphoneos;
				SWIFT_COMPILATION_MODE = wholemodule;
				SWIFT_OPTIMIZATION_LEVEL = "-O";
				VALIDATE_PRODUCT = YES;
			};
			name = Release;
		};
		CFBAB99729B8255B006FDF8A /* Debug */ = {
			isa = XCBuildConfiguration;
			buildSettings = {
				ASSETCATALOG_COMPILER_APPICON_NAME = AppIcon;
				ASSETCATALOG_COMPILER_GLOBAL_ACCENT_COLOR_NAME = AccentColor;
				CODE_SIGN_IDENTITY = "Apple Development";
				CODE_SIGN_STYLE = Automatic;
				CURRENT_PROJECT_VERSION = 2;
				DEVELOPMENT_ASSET_PATHS = "\"MyNews/Preview Content\"";
				DEVELOPMENT_TEAM = P9TXP3LGTK;
				ENABLE_PREVIEWS = YES;
				GENERATE_INFOPLIST_FILE = YES;
				INFOPLIST_FILE = MyNews/Info.plist;
				INFOPLIST_KEY_LSApplicationCategoryType = "public.app-category.news";
				INFOPLIST_KEY_UIApplicationSceneManifest_Generation = YES;
				INFOPLIST_KEY_UIApplicationSupportsIndirectInputEvents = YES;
				INFOPLIST_KEY_UILaunchScreen_Generation = YES;
				INFOPLIST_KEY_UILaunchStoryboardName = LaunchScreen.storyboard;
				INFOPLIST_KEY_UISupportedInterfaceOrientations = UIInterfaceOrientationPortrait;
				INFOPLIST_KEY_UISupportedInterfaceOrientations_iPad = "UIInterfaceOrientationLandscapeLeft UIInterfaceOrientationLandscapeRight UIInterfaceOrientationPortrait UIInterfaceOrientationPortraitUpsideDown";
				IPHONEOS_DEPLOYMENT_TARGET = 18.0;
				LD_RUNPATH_SEARCH_PATHS = (
					"$(inherited)",
					"@executable_path/Frameworks",
				);
				MARKETING_VERSION = 1.0;
				PRODUCT_BUNDLE_IDENTIFIER = "com.daguin-jsebastien.MyNews";
				PRODUCT_NAME = "$(TARGET_NAME)";
				PROVISIONING_PROFILE_SPECIFIER = "";
				SUPPORTED_PLATFORMS = "iphoneos iphonesimulator";
				SUPPORTS_MACCATALYST = NO;
				SUPPORTS_MAC_DESIGNED_FOR_IPHONE_IPAD = NO;
				SUPPORTS_XR_DESIGNED_FOR_IPHONE_IPAD = NO;
				SWIFT_EMIT_LOC_STRINGS = YES;
				SWIFT_VERSION = 5.0;
				TARGETED_DEVICE_FAMILY = "1,2";
			};
			name = Debug;
		};
		CFBAB99829B8255B006FDF8A /* Release */ = {
			isa = XCBuildConfiguration;
			buildSettings = {
				ASSETCATALOG_COMPILER_APPICON_NAME = AppIcon;
				ASSETCATALOG_COMPILER_GLOBAL_ACCENT_COLOR_NAME = AccentColor;
				CODE_SIGN_IDENTITY = "Apple Development";
				CODE_SIGN_STYLE = Automatic;
				CURRENT_PROJECT_VERSION = 2;
				DEVELOPMENT_ASSET_PATHS = "\"MyNews/Preview Content\"";
				DEVELOPMENT_TEAM = P9TXP3LGTK;
				ENABLE_PREVIEWS = YES;
				GENERATE_INFOPLIST_FILE = YES;
				INFOPLIST_FILE = MyNews/Info.plist;
				INFOPLIST_KEY_LSApplicationCategoryType = "public.app-category.news";
				INFOPLIST_KEY_UIApplicationSceneManifest_Generation = YES;
				INFOPLIST_KEY_UIApplicationSupportsIndirectInputEvents = YES;
				INFOPLIST_KEY_UILaunchScreen_Generation = YES;
				INFOPLIST_KEY_UILaunchStoryboardName = LaunchScreen.storyboard;
				INFOPLIST_KEY_UISupportedInterfaceOrientations = UIInterfaceOrientationPortrait;
				INFOPLIST_KEY_UISupportedInterfaceOrientations_iPad = "UIInterfaceOrientationLandscapeLeft UIInterfaceOrientationLandscapeRight UIInterfaceOrientationPortrait UIInterfaceOrientationPortraitUpsideDown";
				IPHONEOS_DEPLOYMENT_TARGET = 18.0;
				LD_RUNPATH_SEARCH_PATHS = (
					"$(inherited)",
					"@executable_path/Frameworks",
				);
				MARKETING_VERSION = 1.0;
				PRODUCT_BUNDLE_IDENTIFIER = "com.daguin-jsebastien.MyNews";
				PRODUCT_NAME = "$(TARGET_NAME)";
				PROVISIONING_PROFILE_SPECIFIER = "";
				SUPPORTED_PLATFORMS = "iphoneos iphonesimulator";
				SUPPORTS_MACCATALYST = NO;
				SUPPORTS_MAC_DESIGNED_FOR_IPHONE_IPAD = NO;
				SUPPORTS_XR_DESIGNED_FOR_IPHONE_IPAD = NO;
				SWIFT_EMIT_LOC_STRINGS = YES;
				SWIFT_VERSION = 5.0;
				TARGETED_DEVICE_FAMILY = "1,2";
			};
			name = Release;
		};
		CFE6C58D29E85C5D00CEF6D7 /* Debug */ = {
			isa = XCBuildConfiguration;
			buildSettings = {
				BUNDLE_LOADER = "$(TEST_HOST)";
				CODE_SIGN_STYLE = Automatic;
				CURRENT_PROJECT_VERSION = 1;
				DEBUG_INFORMATION_FORMAT = dwarf;
				DEVELOPMENT_TEAM = P9TXP3LGTK;
				GENERATE_INFOPLIST_FILE = YES;
				IPHONEOS_DEPLOYMENT_TARGET = 17.5;
				MARKETING_VERSION = 1.0;
				PRODUCT_BUNDLE_IDENTIFIER = "com.daguin-jsebastien.MyNewsTests";
				PRODUCT_NAME = "$(TARGET_NAME)";
				SUPPORTED_PLATFORMS = "iphoneos iphonesimulator";
				SUPPORTS_MACCATALYST = NO;
				SUPPORTS_MAC_DESIGNED_FOR_IPHONE_IPAD = NO;
				SUPPORTS_XR_DESIGNED_FOR_IPHONE_IPAD = NO;
				SWIFT_EMIT_LOC_STRINGS = NO;
				SWIFT_VERSION = 5.0;
				TARGETED_DEVICE_FAMILY = 1;
				TEST_HOST = "$(BUILT_PRODUCTS_DIR)/MyNews.app/$(BUNDLE_EXECUTABLE_FOLDER_PATH)/MyNews";
			};
			name = Debug;
		};
		CFE6C58E29E85C5D00CEF6D7 /* Release */ = {
			isa = XCBuildConfiguration;
			buildSettings = {
				BUNDLE_LOADER = "$(TEST_HOST)";
				CODE_SIGN_STYLE = Automatic;
				CURRENT_PROJECT_VERSION = 1;
				DEVELOPMENT_TEAM = P9TXP3LGTK;
				GENERATE_INFOPLIST_FILE = YES;
				IPHONEOS_DEPLOYMENT_TARGET = 17.5;
				MARKETING_VERSION = 1.0;
				PRODUCT_BUNDLE_IDENTIFIER = "com.daguin-jsebastien.MyNewsTests";
				PRODUCT_NAME = "$(TARGET_NAME)";
				SUPPORTED_PLATFORMS = "iphoneos iphonesimulator";
				SUPPORTS_MACCATALYST = NO;
				SUPPORTS_MAC_DESIGNED_FOR_IPHONE_IPAD = NO;
				SUPPORTS_XR_DESIGNED_FOR_IPHONE_IPAD = NO;
				SWIFT_EMIT_LOC_STRINGS = NO;
				SWIFT_VERSION = 5.0;
				TARGETED_DEVICE_FAMILY = 1;
				TEST_HOST = "$(BUILT_PRODUCTS_DIR)/MyNews.app/$(BUNDLE_EXECUTABLE_FOLDER_PATH)/MyNews";
			};
			name = Release;
		};
/* End XCBuildConfiguration section */

/* Begin XCConfigurationList section */
		634FA4F42BFAC99600988303 /* Build configuration list for PBXNativeTarget "MyNewsMac" */ = {
			isa = XCConfigurationList;
			buildConfigurations = (
				634FA4F22BFAC99600988303 /* Debug */,
				634FA4F32BFAC99600988303 /* Release */,
			);
			defaultConfigurationIsVisible = 0;
			defaultConfigurationName = Release;
		};
		CFBAB96D29B8255A006FDF8A /* Build configuration list for PBXProject "MyNews" */ = {
			isa = XCConfigurationList;
			buildConfigurations = (
				CFBAB99429B8255B006FDF8A /* Debug */,
				CFBAB99529B8255B006FDF8A /* Release */,
			);
			defaultConfigurationIsVisible = 0;
			defaultConfigurationName = Release;
		};
		CFBAB99629B8255B006FDF8A /* Build configuration list for PBXNativeTarget "MyNews" */ = {
			isa = XCConfigurationList;
			buildConfigurations = (
				CFBAB99729B8255B006FDF8A /* Debug */,
				CFBAB99829B8255B006FDF8A /* Release */,
			);
			defaultConfigurationIsVisible = 0;
			defaultConfigurationName = Release;
		};
		CFE6C58C29E85C5D00CEF6D7 /* Build configuration list for PBXNativeTarget "MyNewsTests" */ = {
			isa = XCConfigurationList;
			buildConfigurations = (
				CFE6C58D29E85C5D00CEF6D7 /* Debug */,
				CFE6C58E29E85C5D00CEF6D7 /* Release */,
			);
			defaultConfigurationIsVisible = 0;
			defaultConfigurationName = Release;
		};
/* End XCConfigurationList section */

/* Begin XCRemoteSwiftPackageReference section */
		632645B32C1F3D8900999D8C /* XCRemoteSwiftPackageReference "GoogleSignIn-iOS" */ = {
			isa = XCRemoteSwiftPackageReference;
			repositoryURL = "https://github.com/google/GoogleSignIn-iOS";
			requirement = {
				kind = upToNextMajorVersion;
				minimumVersion = 7.1.0;
			};
		};
		63DB0E402B68F9F800BB42D2 /* XCRemoteSwiftPackageReference "firebase-ios-sdk" */ = {
			isa = XCRemoteSwiftPackageReference;
			repositoryURL = "https://github.com/firebase/firebase-ios-sdk";
			requirement = {
				kind = upToNextMajorVersion;
				minimumVersion = 10.20.0;
			};
		};
		CFBAB9AA29B84A66006FDF8A /* XCRemoteSwiftPackageReference "Alamofire" */ = {
			isa = XCRemoteSwiftPackageReference;
			repositoryURL = "https://github.com/Alamofire/Alamofire.git";
			requirement = {
				kind = upToNextMajorVersion;
				minimumVersion = 5.0.0;
			};
		};
/* End XCRemoteSwiftPackageReference section */

/* Begin XCSwiftPackageProductDependency section */
		632645B12C1F3C9500999D8C /* FirebaseAuth */ = {
			isa = XCSwiftPackageProductDependency;
			package = 63DB0E402B68F9F800BB42D2 /* XCRemoteSwiftPackageReference "firebase-ios-sdk" */;
			productName = FirebaseAuth;
		};
		632645B42C1F3D8900999D8C /* GoogleSignIn */ = {
			isa = XCSwiftPackageProductDependency;
			package = 632645B32C1F3D8900999D8C /* XCRemoteSwiftPackageReference "GoogleSignIn-iOS" */;
			productName = GoogleSignIn;
		};
		632645B62C1F3D8900999D8C /* GoogleSignInSwift */ = {
			isa = XCSwiftPackageProductDependency;
			package = 632645B32C1F3D8900999D8C /* XCRemoteSwiftPackageReference "GoogleSignIn-iOS" */;
			productName = GoogleSignInSwift;
		};
		632645CF2C1F6C4D00999D8C /* FirebaseAuth */ = {
			isa = XCSwiftPackageProductDependency;
			package = 63DB0E402B68F9F800BB42D2 /* XCRemoteSwiftPackageReference "firebase-ios-sdk" */;
			productName = FirebaseAuth;
		};
		632645D12C1F6C4D00999D8C /* FirebaseCrashlytics */ = {
			isa = XCSwiftPackageProductDependency;
			package = 63DB0E402B68F9F800BB42D2 /* XCRemoteSwiftPackageReference "firebase-ios-sdk" */;
			productName = FirebaseCrashlytics;
		};
		632645D52C1F6C6A00999D8C /* FirebaseAnalyticsWithoutAdIdSupport */ = {
			isa = XCSwiftPackageProductDependency;
			package = 63DB0E402B68F9F800BB42D2 /* XCRemoteSwiftPackageReference "firebase-ios-sdk" */;
			productName = FirebaseAnalyticsWithoutAdIdSupport;
		};
		632645FE2C1F82DE00999D8C /* Alamofire */ = {
			isa = XCSwiftPackageProductDependency;
			package = CFBAB9AA29B84A66006FDF8A /* XCRemoteSwiftPackageReference "Alamofire" */;
			productName = Alamofire;
		};
		63DB0E412B68F9F800BB42D2 /* FirebaseAnalyticsWithoutAdIdSupport */ = {
			isa = XCSwiftPackageProductDependency;
			package = 63DB0E402B68F9F800BB42D2 /* XCRemoteSwiftPackageReference "firebase-ios-sdk" */;
			productName = FirebaseAnalyticsWithoutAdIdSupport;
		};
		63DB0E432B68F9F800BB42D2 /* FirebaseCrashlytics */ = {
			isa = XCSwiftPackageProductDependency;
			package = 63DB0E402B68F9F800BB42D2 /* XCRemoteSwiftPackageReference "firebase-ios-sdk" */;
			productName = FirebaseCrashlytics;
		};
		CFBAB9AB29B84A66006FDF8A /* Alamofire */ = {
			isa = XCSwiftPackageProductDependency;
			package = CFBAB9AA29B84A66006FDF8A /* XCRemoteSwiftPackageReference "Alamofire" */;
			productName = Alamofire;
		};
/* End XCSwiftPackageProductDependency section */

/* Begin XCVersionGroup section */
		6306E4AC2A5C98FC00FB01D8 /* MyNewsCD.xcdatamodeld */ = {
			isa = XCVersionGroup;
			children = (
				6306E4AD2A5C98FC00FB01D8 /* MyNewsCD.xcdatamodel */,
			);
			currentVersion = 6306E4AD2A5C98FC00FB01D8 /* MyNewsCD.xcdatamodel */;
			path = MyNewsCD.xcdatamodeld;
			sourceTree = "<group>";
			versionGroupType = wrapper.xcdatamodel;
		};
/* End XCVersionGroup section */
	};
	rootObject = CFBAB96A29B8255A006FDF8A /* Project object */;
}
