// !$*UTF8*$!
{
	archiveVersion = 1;
	classes = {
	};
	objectVersion = 56;
	objects = {

/* Begin PBXBuildFile section */
		63031E162A5CA75400C72A7D /* FavoriteNewsManager.swift in Sources */ = {isa = PBXBuildFile; fileRef = 63031E152A5CA75400C72A7D /* FavoriteNewsManager.swift */; };
		63031E182A5E88FD00C72A7D /* ListArticleView.swift in Sources */ = {isa = PBXBuildFile; fileRef = 63031E172A5E88FD00C72A7D /* ListArticleView.swift */; };
		6306E4AB2A5C988300FB01D8 /* BookMarkView.swift in Sources */ = {isa = PBXBuildFile; fileRef = 6306E4AA2A5C988300FB01D8 /* BookMarkView.swift */; };
		6306E4AE2A5C98FC00FB01D8 /* MyNewsCD.xcdatamodeld in Sources */ = {isa = PBXBuildFile; fileRef = 6306E4AC2A5C98FC00FB01D8 /* MyNewsCD.xcdatamodeld */; };
		6306E4B12A5C996400FB01D8 /* PersistenceController.swift in Sources */ = {isa = PBXBuildFile; fileRef = 6306E4B02A5C996400FB01D8 /* PersistenceController.swift */; };
		6306E4B32A5C99CB00FB01D8 /* FavoriteNews.swift in Sources */ = {isa = PBXBuildFile; fileRef = 6306E4B22A5C99CB00FB01D8 /* FavoriteNews.swift */; };
		63136BBF2A539EC700D58588 /* User.swift in Sources */ = {isa = PBXBuildFile; fileRef = 63136BBE2A539EC700D58588 /* User.swift */; };
		6376701D2BDE670F002BF380 /* SwiftyXMLParser in Frameworks */ = {isa = PBXBuildFile; productRef = 6376701C2BDE670F002BF380 /* SwiftyXMLParser */; };
		638EB4982BB69CAA00ED1736 /* ConnectionView.swift in Sources */ = {isa = PBXBuildFile; fileRef = 638EB4972BB69CAA00ED1736 /* ConnectionView.swift */; };
		63976B5E2B60E93D00F847EE /* FavoriteNewsTest.swift in Sources */ = {isa = PBXBuildFile; fileRef = 63976B5D2B60E93D00F847EE /* FavoriteNewsTest.swift */; };
		63AB9C4E2BD37FAF0044F765 /* FluxView.swift in Sources */ = {isa = PBXBuildFile; fileRef = 63AB9C4D2BD37FAF0044F765 /* FluxView.swift */; };
		63AB9C502BD381E90044F765 /* FluxService.swift in Sources */ = {isa = PBXBuildFile; fileRef = 63AB9C4F2BD381E90044F765 /* FluxService.swift */; };
		63AB9C522BD3827D0044F765 /* FluxRss.swift in Sources */ = {isa = PBXBuildFile; fileRef = 63AB9C512BD3827D0044F765 /* FluxRss.swift */; };
		63DB0E3F2B68F85000BB42D2 /* GoogleService-Info.plist in Resources */ = {isa = PBXBuildFile; fileRef = 63DB0E3E2B68F85000BB42D2 /* GoogleService-Info.plist */; };
		63DB0E422B68F9F800BB42D2 /* FirebaseAnalyticsWithoutAdIdSupport in Frameworks */ = {isa = PBXBuildFile; productRef = 63DB0E412B68F9F800BB42D2 /* FirebaseAnalyticsWithoutAdIdSupport */; };
		63DB0E442B68F9F800BB42D2 /* FirebaseCrashlytics in Frameworks */ = {isa = PBXBuildFile; productRef = 63DB0E432B68F9F800BB42D2 /* FirebaseCrashlytics */; };
		63DFE9342B5FBCFA003009C1 /* FavoriteNewsManagerTest.swift in Sources */ = {isa = PBXBuildFile; fileRef = 63DFE9332B5FBCFA003009C1 /* FavoriteNewsManagerTest.swift */; };
		CF022DE829E85FA0008B5890 /* MyNewsServiceTests.swift in Sources */ = {isa = PBXBuildFile; fileRef = CF022DE729E85FA0008B5890 /* MyNewsServiceTests.swift */; };
		CF022DEA29E8609D008B5890 /* NewsSessionFake.swift in Sources */ = {isa = PBXBuildFile; fileRef = CF022DE929E8609D008B5890 /* NewsSessionFake.swift */; };
		CF49455D29C016B700558ABA /* DiscoverView.swift in Sources */ = {isa = PBXBuildFile; fileRef = CF49455C29C016B700558ABA /* DiscoverView.swift */; };
		CF5EFE8729B8665B002598C3 /* Theme.swift in Sources */ = {isa = PBXBuildFile; fileRef = CF5EFE8629B8665B002598C3 /* Theme.swift */; };
		CF5EFE8A29B866C0002598C3 /* ThemeButton.swift in Sources */ = {isa = PBXBuildFile; fileRef = CF5EFE8929B866C0002598C3 /* ThemeButton.swift */; };
		CF5EFE8C29B88A1B002598C3 /* SearchNewsManager.swift in Sources */ = {isa = PBXBuildFile; fileRef = CF5EFE8B29B88A1B002598C3 /* SearchNewsManager.swift */; };
		CF5EFE8F29B88EFB002598C3 /* NewsError.swift in Sources */ = {isa = PBXBuildFile; fileRef = CF5EFE8E29B88EFB002598C3 /* NewsError.swift */; };
		CF5EFE9129C008AF002598C3 /* NewsDetailView.swift in Sources */ = {isa = PBXBuildFile; fileRef = CF5EFE9029C008AF002598C3 /* NewsDetailView.swift */; };
		CF919C4B29C8867B009A73FC /* NewsListView.swift in Sources */ = {isa = PBXBuildFile; fileRef = CF919C4A29C8867B009A73FC /* NewsListView.swift */; };
		CF919C5129CB4DBC009A73FC /* SafariView.swift in Sources */ = {isa = PBXBuildFile; fileRef = CF919C5029CB4DBC009A73FC /* SafariView.swift */; };
		CFBAB97629B8255A006FDF8A /* MyNewsApp.swift in Sources */ = {isa = PBXBuildFile; fileRef = CFBAB97529B8255A006FDF8A /* MyNewsApp.swift */; };
		CFBAB97829B8255A006FDF8A /* ContentView.swift in Sources */ = {isa = PBXBuildFile; fileRef = CFBAB97729B8255A006FDF8A /* ContentView.swift */; };
		CFBAB97A29B8255B006FDF8A /* Assets.xcassets in Resources */ = {isa = PBXBuildFile; fileRef = CFBAB97929B8255B006FDF8A /* Assets.xcassets */; };
		CFBAB97D29B8255B006FDF8A /* Preview Assets.xcassets in Resources */ = {isa = PBXBuildFile; fileRef = CFBAB97C29B8255B006FDF8A /* Preview Assets.xcassets */; };
		CFBAB9A329B8274A006FDF8A /* HomeView.swift in Sources */ = {isa = PBXBuildFile; fileRef = CFBAB9A229B8274A006FDF8A /* HomeView.swift */; };
		CFBAB9A529B8459C006FDF8A /* News.swift in Sources */ = {isa = PBXBuildFile; fileRef = CFBAB9A429B8459C006FDF8A /* News.swift */; };
		CFBAB9A729B846C1006FDF8A /* NewsRow.swift in Sources */ = {isa = PBXBuildFile; fileRef = CFBAB9A629B846C1006FDF8A /* NewsRow.swift */; };
		CFBAB9A929B84A34006FDF8A /* NewsService.swift in Sources */ = {isa = PBXBuildFile; fileRef = CFBAB9A829B84A34006FDF8A /* NewsService.swift */; };
		CFBAB9AC29B84A66006FDF8A /* Alamofire in Frameworks */ = {isa = PBXBuildFile; productRef = CFBAB9AB29B84A66006FDF8A /* Alamofire */; };
		CFBAB9AF29B84C85006FDF8A /* NewsSesssion.swift in Sources */ = {isa = PBXBuildFile; fileRef = CFBAB9AE29B84C85006FDF8A /* NewsSesssion.swift */; };
		CFBAB9B229B85B2C006FDF8A /* HomeImageBubble.swift in Sources */ = {isa = PBXBuildFile; fileRef = CFBAB9B129B85B2C006FDF8A /* HomeImageBubble.swift */; };
		CFC9950629ECC83A001AB5E5 /* HomeVMTest.swift in Sources */ = {isa = PBXBuildFile; fileRef = CFC9950529ECC83A001AB5E5 /* HomeVMTest.swift */; };
		CFD4BCCA29E87F6900522D69 /* NewsSearchTest.swift in Sources */ = {isa = PBXBuildFile; fileRef = CFD4BCC929E87F6900522D69 /* NewsSearchTest.swift */; };
		CFD4BCCC29E87FCC00522D69 /* NewsErrorTest.swift in Sources */ = {isa = PBXBuildFile; fileRef = CFD4BCCB29E87FCC00522D69 /* NewsErrorTest.swift */; };
		CFE6C59929E85F0400CEF6D7 /* FakeNews.json in Resources */ = {isa = PBXBuildFile; fileRef = CFE6C59829E85F0400CEF6D7 /* FakeNews.json */; };
		CFE6C59B29E85F3900CEF6D7 /* FakeResponse.swift in Sources */ = {isa = PBXBuildFile; fileRef = CFE6C59A29E85F3900CEF6D7 /* FakeResponse.swift */; };
		CFE6C59D29E85F6000CEF6D7 /* FakeResponseData.swift in Sources */ = {isa = PBXBuildFile; fileRef = CFE6C59C29E85F6000CEF6D7 /* FakeResponseData.swift */; };
		CFE84B8229EB740C0031746E /* HomeViewManager.swift in Sources */ = {isa = PBXBuildFile; fileRef = CFE84B8129EB740C0031746E /* HomeViewManager.swift */; };
		CFFDCAA729CD8CDC001A8A8B /* LaunchScreen.storyboard in Resources */ = {isa = PBXBuildFile; fileRef = CFFDCAA629CD8CDC001A8A8B /* LaunchScreen.storyboard */; };
/* End PBXBuildFile section */

/* Begin PBXContainerItemProxy section */
		CFE6C58A29E85C5D00CEF6D7 /* PBXContainerItemProxy */ = {
			isa = PBXContainerItemProxy;
			containerPortal = CFBAB96A29B8255A006FDF8A /* Project object */;
			proxyType = 1;
			remoteGlobalIDString = CFBAB97129B8255A006FDF8A;
			remoteInfo = MyNews;
		};
/* End PBXContainerItemProxy section */

/* Begin PBXFileReference section */
		63031E152A5CA75400C72A7D /* FavoriteNewsManager.swift */ = {isa = PBXFileReference; lastKnownFileType = sourcecode.swift; path = FavoriteNewsManager.swift; sourceTree = "<group>"; };
		63031E172A5E88FD00C72A7D /* ListArticleView.swift */ = {isa = PBXFileReference; lastKnownFileType = sourcecode.swift; path = ListArticleView.swift; sourceTree = "<group>"; };
		6306E4AA2A5C988300FB01D8 /* BookMarkView.swift */ = {isa = PBXFileReference; lastKnownFileType = sourcecode.swift; path = BookMarkView.swift; sourceTree = "<group>"; };
		6306E4AD2A5C98FC00FB01D8 /* MyNewsCD.xcdatamodel */ = {isa = PBXFileReference; lastKnownFileType = wrapper.xcdatamodel; path = MyNewsCD.xcdatamodel; sourceTree = "<group>"; };
		6306E4B02A5C996400FB01D8 /* PersistenceController.swift */ = {isa = PBXFileReference; lastKnownFileType = sourcecode.swift; path = PersistenceController.swift; sourceTree = "<group>"; };
		6306E4B22A5C99CB00FB01D8 /* FavoriteNews.swift */ = {isa = PBXFileReference; lastKnownFileType = sourcecode.swift; path = FavoriteNews.swift; sourceTree = "<group>"; };
		63136BBE2A539EC700D58588 /* User.swift */ = {isa = PBXFileReference; lastKnownFileType = sourcecode.swift; path = User.swift; sourceTree = "<group>"; };
		638EB4972BB69CAA00ED1736 /* ConnectionView.swift */ = {isa = PBXFileReference; lastKnownFileType = sourcecode.swift; path = ConnectionView.swift; sourceTree = "<group>"; };
		63976B5D2B60E93D00F847EE /* FavoriteNewsTest.swift */ = {isa = PBXFileReference; lastKnownFileType = sourcecode.swift; path = FavoriteNewsTest.swift; sourceTree = "<group>"; };
		63AB9C4D2BD37FAF0044F765 /* FluxView.swift */ = {isa = PBXFileReference; lastKnownFileType = sourcecode.swift; path = FluxView.swift; sourceTree = "<group>"; };
		63AB9C4F2BD381E90044F765 /* FluxService.swift */ = {isa = PBXFileReference; lastKnownFileType = sourcecode.swift; path = FluxService.swift; sourceTree = "<group>"; };
		63AB9C512BD3827D0044F765 /* FluxRss.swift */ = {isa = PBXFileReference; lastKnownFileType = sourcecode.swift; path = FluxRss.swift; sourceTree = "<group>"; };
		63DB0E3E2B68F85000BB42D2 /* GoogleService-Info.plist */ = {isa = PBXFileReference; fileEncoding = 4; lastKnownFileType = text.plist.xml; path = "GoogleService-Info.plist"; sourceTree = "<group>"; };
		63DFE9332B5FBCFA003009C1 /* FavoriteNewsManagerTest.swift */ = {isa = PBXFileReference; lastKnownFileType = sourcecode.swift; path = FavoriteNewsManagerTest.swift; sourceTree = "<group>"; };
		CF022DE729E85FA0008B5890 /* MyNewsServiceTests.swift */ = {isa = PBXFileReference; lastKnownFileType = sourcecode.swift; path = MyNewsServiceTests.swift; sourceTree = "<group>"; };
		CF022DE929E8609D008B5890 /* NewsSessionFake.swift */ = {isa = PBXFileReference; lastKnownFileType = sourcecode.swift; path = NewsSessionFake.swift; sourceTree = "<group>"; };
		CF49455C29C016B700558ABA /* DiscoverView.swift */ = {isa = PBXFileReference; lastKnownFileType = sourcecode.swift; path = DiscoverView.swift; sourceTree = "<group>"; };
		CF5EFE8629B8665B002598C3 /* Theme.swift */ = {isa = PBXFileReference; lastKnownFileType = sourcecode.swift; path = Theme.swift; sourceTree = "<group>"; };
		CF5EFE8929B866C0002598C3 /* ThemeButton.swift */ = {isa = PBXFileReference; lastKnownFileType = sourcecode.swift; path = ThemeButton.swift; sourceTree = "<group>"; };
		CF5EFE8B29B88A1B002598C3 /* SearchNewsManager.swift */ = {isa = PBXFileReference; lastKnownFileType = sourcecode.swift; path = SearchNewsManager.swift; sourceTree = "<group>"; };
		CF5EFE8E29B88EFB002598C3 /* NewsError.swift */ = {isa = PBXFileReference; lastKnownFileType = sourcecode.swift; path = NewsError.swift; sourceTree = "<group>"; };
		CF5EFE9029C008AF002598C3 /* NewsDetailView.swift */ = {isa = PBXFileReference; lastKnownFileType = sourcecode.swift; path = NewsDetailView.swift; sourceTree = "<group>"; };
		CF919C4A29C8867B009A73FC /* NewsListView.swift */ = {isa = PBXFileReference; lastKnownFileType = sourcecode.swift; path = NewsListView.swift; sourceTree = "<group>"; };
		CF919C5029CB4DBC009A73FC /* SafariView.swift */ = {isa = PBXFileReference; lastKnownFileType = sourcecode.swift; path = SafariView.swift; sourceTree = "<group>"; };
		CFBAB97229B8255A006FDF8A /* MyNews.app */ = {isa = PBXFileReference; explicitFileType = wrapper.application; includeInIndex = 0; path = MyNews.app; sourceTree = BUILT_PRODUCTS_DIR; };
		CFBAB97529B8255A006FDF8A /* MyNewsApp.swift */ = {isa = PBXFileReference; lastKnownFileType = sourcecode.swift; path = MyNewsApp.swift; sourceTree = "<group>"; };
		CFBAB97729B8255A006FDF8A /* ContentView.swift */ = {isa = PBXFileReference; lastKnownFileType = sourcecode.swift; path = ContentView.swift; sourceTree = "<group>"; };
		CFBAB97929B8255B006FDF8A /* Assets.xcassets */ = {isa = PBXFileReference; lastKnownFileType = folder.assetcatalog; path = Assets.xcassets; sourceTree = "<group>"; };
		CFBAB97C29B8255B006FDF8A /* Preview Assets.xcassets */ = {isa = PBXFileReference; lastKnownFileType = folder.assetcatalog; path = "Preview Assets.xcassets"; sourceTree = "<group>"; };
		CFBAB9A229B8274A006FDF8A /* HomeView.swift */ = {isa = PBXFileReference; lastKnownFileType = sourcecode.swift; path = HomeView.swift; sourceTree = "<group>"; };
		CFBAB9A429B8459C006FDF8A /* News.swift */ = {isa = PBXFileReference; lastKnownFileType = sourcecode.swift; path = News.swift; sourceTree = "<group>"; };
		CFBAB9A629B846C1006FDF8A /* NewsRow.swift */ = {isa = PBXFileReference; lastKnownFileType = sourcecode.swift; path = NewsRow.swift; sourceTree = "<group>"; };
		CFBAB9A829B84A34006FDF8A /* NewsService.swift */ = {isa = PBXFileReference; lastKnownFileType = sourcecode.swift; path = NewsService.swift; sourceTree = "<group>"; };
		CFBAB9AE29B84C85006FDF8A /* NewsSesssion.swift */ = {isa = PBXFileReference; lastKnownFileType = sourcecode.swift; path = NewsSesssion.swift; sourceTree = "<group>"; };
		CFBAB9B129B85B2C006FDF8A /* HomeImageBubble.swift */ = {isa = PBXFileReference; lastKnownFileType = sourcecode.swift; path = HomeImageBubble.swift; sourceTree = "<group>"; };
		CFC9950529ECC83A001AB5E5 /* HomeVMTest.swift */ = {isa = PBXFileReference; lastKnownFileType = sourcecode.swift; path = HomeVMTest.swift; sourceTree = "<group>"; };
		CFD4BCC929E87F6900522D69 /* NewsSearchTest.swift */ = {isa = PBXFileReference; lastKnownFileType = sourcecode.swift; path = NewsSearchTest.swift; sourceTree = "<group>"; };
		CFD4BCCB29E87FCC00522D69 /* NewsErrorTest.swift */ = {isa = PBXFileReference; lastKnownFileType = sourcecode.swift; path = NewsErrorTest.swift; sourceTree = "<group>"; };
		CFE6C58629E85C5D00CEF6D7 /* MyNewsTests.xctest */ = {isa = PBXFileReference; explicitFileType = wrapper.cfbundle; includeInIndex = 0; path = MyNewsTests.xctest; sourceTree = BUILT_PRODUCTS_DIR; };
		CFE6C59829E85F0400CEF6D7 /* FakeNews.json */ = {isa = PBXFileReference; lastKnownFileType = text.json; path = FakeNews.json; sourceTree = "<group>"; };
		CFE6C59A29E85F3900CEF6D7 /* FakeResponse.swift */ = {isa = PBXFileReference; lastKnownFileType = sourcecode.swift; path = FakeResponse.swift; sourceTree = "<group>"; };
		CFE6C59C29E85F6000CEF6D7 /* FakeResponseData.swift */ = {isa = PBXFileReference; lastKnownFileType = sourcecode.swift; path = FakeResponseData.swift; sourceTree = "<group>"; };
		CFE84B8129EB740C0031746E /* HomeViewManager.swift */ = {isa = PBXFileReference; lastKnownFileType = sourcecode.swift; path = HomeViewManager.swift; sourceTree = "<group>"; };
		CFFDCAA629CD8CDC001A8A8B /* LaunchScreen.storyboard */ = {isa = PBXFileReference; lastKnownFileType = file.storyboard; path = LaunchScreen.storyboard; sourceTree = "<group>"; };
/* End PBXFileReference section */

/* Begin PBXFrameworksBuildPhase section */
		CFBAB96F29B8255A006FDF8A /* Frameworks */ = {
			isa = PBXFrameworksBuildPhase;
			buildActionMask = 2147483647;
			files = (
				63DB0E442B68F9F800BB42D2 /* FirebaseCrashlytics in Frameworks */,
				CFBAB9AC29B84A66006FDF8A /* Alamofire in Frameworks */,
				63DB0E422B68F9F800BB42D2 /* FirebaseAnalyticsWithoutAdIdSupport in Frameworks */,
				6376701D2BDE670F002BF380 /* SwiftyXMLParser in Frameworks */,
			);
			runOnlyForDeploymentPostprocessing = 0;
		};
		CFE6C58329E85C5D00CEF6D7 /* Frameworks */ = {
			isa = PBXFrameworksBuildPhase;
			buildActionMask = 2147483647;
			files = (
			);
			runOnlyForDeploymentPostprocessing = 0;
		};
/* End PBXFrameworksBuildPhase section */

/* Begin PBXGroup section */
		6306E4AF2A5C994100FB01D8 /* CoreData */ = {
			isa = PBXGroup;
			children = (
				6306E4AC2A5C98FC00FB01D8 /* MyNewsCD.xcdatamodeld */,
				6306E4B02A5C996400FB01D8 /* PersistenceController.swift */,
				6306E4B22A5C99CB00FB01D8 /* FavoriteNews.swift */,
			);
			path = CoreData;
			sourceTree = "<group>";
		};
		638EB4962BB69C9000ED1736 /* ConnectionViews */ = {
			isa = PBXGroup;
			children = (
				638EB4972BB69CAA00ED1736 /* ConnectionView.swift */,
			);
			path = ConnectionViews;
			sourceTree = "<group>";
		};
		63976B5C2B60E92200F847EE /* FavoriteNews */ = {
			isa = PBXGroup;
			children = (
				63976B5D2B60E93D00F847EE /* FavoriteNewsTest.swift */,
			);
			path = FavoriteNews;
			sourceTree = "<group>";
		};
		63AB9C4C2BD37F880044F765 /* FluxView */ = {
			isa = PBXGroup;
			children = (
				63AB9C4D2BD37FAF0044F765 /* FluxView.swift */,
			);
			path = FluxView;
			sourceTree = "<group>";
		};
		CF5EFE8829B866A8002598C3 /* UtilsView */ = {
			isa = PBXGroup;
			children = (
				CF5EFE9029C008AF002598C3 /* NewsDetailView.swift */,
				CFBAB9A629B846C1006FDF8A /* NewsRow.swift */,
				CF5EFE8929B866C0002598C3 /* ThemeButton.swift */,
				CF919C5029CB4DBC009A73FC /* SafariView.swift */,
				CFFDCAA629CD8CDC001A8A8B /* LaunchScreen.storyboard */,
				63031E172A5E88FD00C72A7D /* ListArticleView.swift */,
			);
			path = UtilsView;
			sourceTree = "<group>";
		};
		CF5EFE8D29B88EE9002598C3 /* Error */ = {
			isa = PBXGroup;
			children = (
				CF5EFE8E29B88EFB002598C3 /* NewsError.swift */,
			);
			path = Error;
			sourceTree = "<group>";
		};
		CF80FEBC29ECD47E00F074EF /* Supporting Files */ = {
			isa = PBXGroup;
			children = (
				CFBAB97529B8255A006FDF8A /* MyNewsApp.swift */,
				CFBAB97929B8255B006FDF8A /* Assets.xcassets */,
			);
			path = "Supporting Files";
			sourceTree = "<group>";
		};
		CF919C4F29CB4D91009A73FC /* News */ = {
			isa = PBXGroup;
			children = (
				CFBAB9A229B8274A006FDF8A /* HomeView.swift */,
				CF49455C29C016B700558ABA /* DiscoverView.swift */,
				CF919C4A29C8867B009A73FC /* NewsListView.swift */,
				6306E4AA2A5C988300FB01D8 /* BookMarkView.swift */,
			);
			path = News;
			sourceTree = "<group>";
		};
		CFBAB96929B8255A006FDF8A = {
			isa = PBXGroup;
			children = (
				CFBAB97429B8255A006FDF8A /* MyNews */,
				CFE6C58729E85C5D00CEF6D7 /* MyNewsTests */,
				CFBAB97329B8255A006FDF8A /* Products */,
				CFE6C57929E85AED00CEF6D7 /* Frameworks */,
			);
			sourceTree = "<group>";
		};
		CFBAB97329B8255A006FDF8A /* Products */ = {
			isa = PBXGroup;
			children = (
				CFBAB97229B8255A006FDF8A /* MyNews.app */,
				CFE6C58629E85C5D00CEF6D7 /* MyNewsTests.xctest */,
			);
			name = Products;
			sourceTree = "<group>";
		};
		CFBAB97429B8255A006FDF8A /* MyNews */ = {
			isa = PBXGroup;
			children = (
				CF80FEBC29ECD47E00F074EF /* Supporting Files */,
				CFBAB99F29B8256A006FDF8A /* Model */,
				CFBAB9A029B82575006FDF8A /* View */,
				CFBAB9A129B8257E006FDF8A /* ViewModel */,
				CFBAB97B29B8255B006FDF8A /* Preview Content */,
				63DB0E3E2B68F85000BB42D2 /* GoogleService-Info.plist */,
			);
			path = MyNews;
			sourceTree = "<group>";
		};
		CFBAB97B29B8255B006FDF8A /* Preview Content */ = {
			isa = PBXGroup;
			children = (
				CFBAB97C29B8255B006FDF8A /* Preview Assets.xcassets */,
			);
			path = "Preview Content";
			sourceTree = "<group>";
		};
		CFBAB99F29B8256A006FDF8A /* Model */ = {
			isa = PBXGroup;
			children = (
				6306E4AF2A5C994100FB01D8 /* CoreData */,
				CF5EFE8D29B88EE9002598C3 /* Error */,
				CFBAB9AD29B84C4B006FDF8A /* News */,
				63136BBE2A539EC700D58588 /* User.swift */,
				63AB9C4F2BD381E90044F765 /* FluxService.swift */,
				63AB9C512BD3827D0044F765 /* FluxRss.swift */,
			);
			path = Model;
			sourceTree = "<group>";
		};
		CFBAB9A029B82575006FDF8A /* View */ = {
			isa = PBXGroup;
			children = (
				CFBAB97729B8255A006FDF8A /* ContentView.swift */,
				638EB4962BB69C9000ED1736 /* ConnectionViews */,
				CF5EFE8829B866A8002598C3 /* UtilsView */,
				CFBAB9B029B85AFF006FDF8A /* ImagesView */,
				CF919C4F29CB4D91009A73FC /* News */,
				63AB9C4C2BD37F880044F765 /* FluxView */,
			);
			path = View;
			sourceTree = "<group>";
		};
		CFBAB9A129B8257E006FDF8A /* ViewModel */ = {
			isa = PBXGroup;
			children = (
				CF5EFE8B29B88A1B002598C3 /* SearchNewsManager.swift */,
				CFE84B8129EB740C0031746E /* HomeViewManager.swift */,
				63031E152A5CA75400C72A7D /* FavoriteNewsManager.swift */,
			);
			path = ViewModel;
			sourceTree = "<group>";
		};
		CFBAB9AD29B84C4B006FDF8A /* News */ = {
			isa = PBXGroup;
			children = (
				CFBAB9A429B8459C006FDF8A /* News.swift */,
				CFBAB9A829B84A34006FDF8A /* NewsService.swift */,
				CFBAB9AE29B84C85006FDF8A /* NewsSesssion.swift */,
				CF5EFE8629B8665B002598C3 /* Theme.swift */,
			);
			path = News;
			sourceTree = "<group>";
		};
		CFBAB9B029B85AFF006FDF8A /* ImagesView */ = {
			isa = PBXGroup;
			children = (
				CFBAB9B129B85B2C006FDF8A /* HomeImageBubble.swift */,
			);
			path = ImagesView;
			sourceTree = "<group>";
		};
		CFD4BCC829E87F1900522D69 /* NewsSearch */ = {
			isa = PBXGroup;
			children = (
				CFD4BCC929E87F6900522D69 /* NewsSearchTest.swift */,
				CFD4BCCB29E87FCC00522D69 /* NewsErrorTest.swift */,
				CFC9950529ECC83A001AB5E5 /* HomeVMTest.swift */,
				63DFE9332B5FBCFA003009C1 /* FavoriteNewsManagerTest.swift */,
			);
			path = NewsSearch;
			sourceTree = "<group>";
		};
		CFE6C57929E85AED00CEF6D7 /* Frameworks */ = {
			isa = PBXGroup;
			children = (
			);
			name = Frameworks;
			sourceTree = "<group>";
		};
		CFE6C58729E85C5D00CEF6D7 /* MyNewsTests */ = {
			isa = PBXGroup;
			children = (
				63976B5C2B60E92200F847EE /* FavoriteNews */,
				CFD4BCC829E87F1900522D69 /* NewsSearch */,
				CFE6C59729E85EB100CEF6D7 /* NewsServiceTest */,
			);
			path = MyNewsTests;
			sourceTree = "<group>";
		};
		CFE6C59729E85EB100CEF6D7 /* NewsServiceTest */ = {
			isa = PBXGroup;
			children = (
				CFE6C59829E85F0400CEF6D7 /* FakeNews.json */,
				CFE6C59A29E85F3900CEF6D7 /* FakeResponse.swift */,
				CFE6C59C29E85F6000CEF6D7 /* FakeResponseData.swift */,
				CF022DE729E85FA0008B5890 /* MyNewsServiceTests.swift */,
				CF022DE929E8609D008B5890 /* NewsSessionFake.swift */,
			);
			path = NewsServiceTest;
			sourceTree = "<group>";
		};
/* End PBXGroup section */

/* Begin PBXNativeTarget section */
		CFBAB97129B8255A006FDF8A /* MyNews */ = {
			isa = PBXNativeTarget;
			buildConfigurationList = CFBAB99629B8255B006FDF8A /* Build configuration list for PBXNativeTarget "MyNews" */;
			buildPhases = (
				CFBAB96E29B8255A006FDF8A /* Sources */,
				CFBAB96F29B8255A006FDF8A /* Frameworks */,
				CFBAB97029B8255A006FDF8A /* Resources */,
			);
			buildRules = (
			);
			dependencies = (
			);
			name = MyNews;
			packageProductDependencies = (
				CFBAB9AB29B84A66006FDF8A /* Alamofire */,
				63DB0E412B68F9F800BB42D2 /* FirebaseAnalyticsWithoutAdIdSupport */,
				63DB0E432B68F9F800BB42D2 /* FirebaseCrashlytics */,
				6376701C2BDE670F002BF380 /* SwiftyXMLParser */,
			);
			productName = MyNews;
			productReference = CFBAB97229B8255A006FDF8A /* MyNews.app */;
			productType = "com.apple.product-type.application";
		};
		CFE6C58529E85C5D00CEF6D7 /* MyNewsTests */ = {
			isa = PBXNativeTarget;
			buildConfigurationList = CFE6C58C29E85C5D00CEF6D7 /* Build configuration list for PBXNativeTarget "MyNewsTests" */;
			buildPhases = (
				CFE6C58229E85C5D00CEF6D7 /* Sources */,
				CFE6C58329E85C5D00CEF6D7 /* Frameworks */,
				CFE6C58429E85C5D00CEF6D7 /* Resources */,
			);
			buildRules = (
			);
			dependencies = (
				CFE6C58B29E85C5D00CEF6D7 /* PBXTargetDependency */,
			);
			name = MyNewsTests;
			packageProductDependencies = (
			);
			productName = MyNewsTests;
			productReference = CFE6C58629E85C5D00CEF6D7 /* MyNewsTests.xctest */;
			productType = "com.apple.product-type.bundle.unit-test";
		};
/* End PBXNativeTarget section */

/* Begin PBXProject section */
		CFBAB96A29B8255A006FDF8A /* Project object */ = {
			isa = PBXProject;
			attributes = {
				BuildIndependentTargetsInParallel = 1;
				LastSwiftUpdateCheck = 1430;
				LastUpgradeCheck = 1530;
				TargetAttributes = {
					CFBAB97129B8255A006FDF8A = {
						CreatedOnToolsVersion = 14.2;
					};
					CFE6C58529E85C5D00CEF6D7 = {
						CreatedOnToolsVersion = 14.3;
						TestTargetID = CFBAB97129B8255A006FDF8A;
					};
				};
			};
			buildConfigurationList = CFBAB96D29B8255A006FDF8A /* Build configuration list for PBXProject "MyNews" */;
			compatibilityVersion = "Xcode 14.0";
			developmentRegion = en;
			hasScannedForEncodings = 0;
			knownRegions = (
				en,
				Base,
			);
			mainGroup = CFBAB96929B8255A006FDF8A;
			packageReferences = (
				CFBAB9AA29B84A66006FDF8A /* XCRemoteSwiftPackageReference "Alamofire" */,
				63DB0E402B68F9F800BB42D2 /* XCRemoteSwiftPackageReference "firebase-ios-sdk" */,
				6376701B2BDE61EC002BF380 /* XCRemoteSwiftPackageReference "SwiftyXMLParser" */,
			);
			productRefGroup = CFBAB97329B8255A006FDF8A /* Products */;
			projectDirPath = "";
			projectRoot = "";
			targets = (
				CFBAB97129B8255A006FDF8A /* MyNews */,
				CFE6C58529E85C5D00CEF6D7 /* MyNewsTests */,
			);
		};
/* End PBXProject section */

/* Begin PBXResourcesBuildPhase section */
		CFBAB97029B8255A006FDF8A /* Resources */ = {
			isa = PBXResourcesBuildPhase;
			buildActionMask = 2147483647;
			files = (
				CFFDCAA729CD8CDC001A8A8B /* LaunchScreen.storyboard in Resources */,
				63DB0E3F2B68F85000BB42D2 /* GoogleService-Info.plist in Resources */,
				CFBAB97D29B8255B006FDF8A /* Preview Assets.xcassets in Resources */,
				CFBAB97A29B8255B006FDF8A /* Assets.xcassets in Resources */,
			);
			runOnlyForDeploymentPostprocessing = 0;
		};
		CFE6C58429E85C5D00CEF6D7 /* Resources */ = {
			isa = PBXResourcesBuildPhase;
			buildActionMask = 2147483647;
			files = (
				CFE6C59929E85F0400CEF6D7 /* FakeNews.json in Resources */,
			);
			runOnlyForDeploymentPostprocessing = 0;
		};
/* End PBXResourcesBuildPhase section */

/* Begin PBXSourcesBuildPhase section */
		CFBAB96E29B8255A006FDF8A /* Sources */ = {
			isa = PBXSourcesBuildPhase;
			buildActionMask = 2147483647;
			files = (
				CF5EFE8729B8665B002598C3 /* Theme.swift in Sources */,
				63AB9C4E2BD37FAF0044F765 /* FluxView.swift in Sources */,
				CF5EFE8F29B88EFB002598C3 /* NewsError.swift in Sources */,
				63AB9C522BD3827D0044F765 /* FluxRss.swift in Sources */,
				CFBAB9B229B85B2C006FDF8A /* HomeImageBubble.swift in Sources */,
				6306E4AE2A5C98FC00FB01D8 /* MyNewsCD.xcdatamodeld in Sources */,
				CFBAB9A929B84A34006FDF8A /* NewsService.swift in Sources */,
				6306E4AB2A5C988300FB01D8 /* BookMarkView.swift in Sources */,
				CFBAB9A329B8274A006FDF8A /* HomeView.swift in Sources */,
				CFBAB97829B8255A006FDF8A /* ContentView.swift in Sources */,
				CF5EFE8C29B88A1B002598C3 /* SearchNewsManager.swift in Sources */,
				CF919C4B29C8867B009A73FC /* NewsListView.swift in Sources */,
				63031E162A5CA75400C72A7D /* FavoriteNewsManager.swift in Sources */,
				638EB4982BB69CAA00ED1736 /* ConnectionView.swift in Sources */,
				63031E182A5E88FD00C72A7D /* ListArticleView.swift in Sources */,
				6306E4B32A5C99CB00FB01D8 /* FavoriteNews.swift in Sources */,
				CFBAB9AF29B84C85006FDF8A /* NewsSesssion.swift in Sources */,
				CFBAB9A529B8459C006FDF8A /* News.swift in Sources */,
				CFBAB9A729B846C1006FDF8A /* NewsRow.swift in Sources */,
				CFBAB97629B8255A006FDF8A /* MyNewsApp.swift in Sources */,
				CF919C5129CB4DBC009A73FC /* SafariView.swift in Sources */,
				63AB9C502BD381E90044F765 /* FluxService.swift in Sources */,
				6306E4B12A5C996400FB01D8 /* PersistenceController.swift in Sources */,
				CF49455D29C016B700558ABA /* DiscoverView.swift in Sources */,
				63136BBF2A539EC700D58588 /* User.swift in Sources */,
				CF5EFE8A29B866C0002598C3 /* ThemeButton.swift in Sources */,
				CFE84B8229EB740C0031746E /* HomeViewManager.swift in Sources */,
				CF5EFE9129C008AF002598C3 /* NewsDetailView.swift in Sources */,
			);
			runOnlyForDeploymentPostprocessing = 0;
		};
		CFE6C58229E85C5D00CEF6D7 /* Sources */ = {
			isa = PBXSourcesBuildPhase;
			buildActionMask = 2147483647;
			files = (
				CFE6C59B29E85F3900CEF6D7 /* FakeResponse.swift in Sources */,
				CFC9950629ECC83A001AB5E5 /* HomeVMTest.swift in Sources */,
				CFD4BCCC29E87FCC00522D69 /* NewsErrorTest.swift in Sources */,
				CF022DE829E85FA0008B5890 /* MyNewsServiceTests.swift in Sources */,
				CF022DEA29E8609D008B5890 /* NewsSessionFake.swift in Sources */,
				CFE6C59D29E85F6000CEF6D7 /* FakeResponseData.swift in Sources */,
				63DFE9342B5FBCFA003009C1 /* FavoriteNewsManagerTest.swift in Sources */,
				63976B5E2B60E93D00F847EE /* FavoriteNewsTest.swift in Sources */,
				CFD4BCCA29E87F6900522D69 /* NewsSearchTest.swift in Sources */,
			);
			runOnlyForDeploymentPostprocessing = 0;
		};
/* End PBXSourcesBuildPhase section */

/* Begin PBXTargetDependency section */
		CFE6C58B29E85C5D00CEF6D7 /* PBXTargetDependency */ = {
			isa = PBXTargetDependency;
			target = CFBAB97129B8255A006FDF8A /* MyNews */;
			targetProxy = CFE6C58A29E85C5D00CEF6D7 /* PBXContainerItemProxy */;
		};
/* End PBXTargetDependency section */

/* Begin XCBuildConfiguration section */
		CFBAB99429B8255B006FDF8A /* Debug */ = {
			isa = XCBuildConfiguration;
			buildSettings = {
				ALWAYS_SEARCH_USER_PATHS = NO;
				ASSETCATALOG_COMPILER_GENERATE_SWIFT_ASSET_SYMBOL_EXTENSIONS = YES;
				CLANG_ANALYZER_NONNULL = YES;
				CLANG_ANALYZER_NUMBER_OBJECT_CONVERSION = YES_AGGRESSIVE;
				CLANG_CXX_LANGUAGE_STANDARD = "gnu++20";
				CLANG_ENABLE_MODULES = YES;
				CLANG_ENABLE_OBJC_ARC = YES;
				CLANG_ENABLE_OBJC_WEAK = YES;
				CLANG_WARN_BLOCK_CAPTURE_AUTORELEASING = YES;
				CLANG_WARN_BOOL_CONVERSION = YES;
				CLANG_WARN_COMMA = YES;
				CLANG_WARN_CONSTANT_CONVERSION = YES;
				CLANG_WARN_DEPRECATED_OBJC_IMPLEMENTATIONS = YES;
				CLANG_WARN_DIRECT_OBJC_ISA_USAGE = YES_ERROR;
				CLANG_WARN_DOCUMENTATION_COMMENTS = YES;
				CLANG_WARN_EMPTY_BODY = YES;
				CLANG_WARN_ENUM_CONVERSION = YES;
				CLANG_WARN_INFINITE_RECURSION = YES;
				CLANG_WARN_INT_CONVERSION = YES;
				CLANG_WARN_NON_LITERAL_NULL_CONVERSION = YES;
				CLANG_WARN_OBJC_IMPLICIT_RETAIN_SELF = YES;
				CLANG_WARN_OBJC_LITERAL_CONVERSION = YES;
				CLANG_WARN_OBJC_ROOT_CLASS = YES_ERROR;
				CLANG_WARN_QUOTED_INCLUDE_IN_FRAMEWORK_HEADER = YES;
				CLANG_WARN_RANGE_LOOP_ANALYSIS = YES;
				CLANG_WARN_STRICT_PROTOTYPES = YES;
				CLANG_WARN_SUSPICIOUS_MOVE = YES;
				CLANG_WARN_UNGUARDED_AVAILABILITY = YES_AGGRESSIVE;
				CLANG_WARN_UNREACHABLE_CODE = YES;
				CLANG_WARN__DUPLICATE_METHOD_MATCH = YES;
				COPY_PHASE_STRIP = NO;
				DEBUG_INFORMATION_FORMAT = "dwarf-with-dsym";
				ENABLE_STRICT_OBJC_MSGSEND = YES;
				ENABLE_TESTABILITY = YES;
				ENABLE_USER_SCRIPT_SANDBOXING = YES;
				GCC_C_LANGUAGE_STANDARD = gnu11;
				GCC_DYNAMIC_NO_PIC = NO;
				GCC_NO_COMMON_BLOCKS = YES;
				GCC_OPTIMIZATION_LEVEL = 0;
				GCC_PREPROCESSOR_DEFINITIONS = (
					"DEBUG=1",
					"$(inherited)",
				);
				GCC_WARN_64_TO_32_BIT_CONVERSION = YES;
				GCC_WARN_ABOUT_RETURN_TYPE = YES_ERROR;
				GCC_WARN_UNDECLARED_SELECTOR = YES;
				GCC_WARN_UNINITIALIZED_AUTOS = YES_AGGRESSIVE;
				GCC_WARN_UNUSED_FUNCTION = YES;
				GCC_WARN_UNUSED_VARIABLE = YES;
				IPHONEOS_DEPLOYMENT_TARGET = 16.2;
				MTL_ENABLE_DEBUG_INFO = INCLUDE_SOURCE;
				MTL_FAST_MATH = YES;
				ONLY_ACTIVE_ARCH = YES;
				SDKROOT = iphoneos;
				SWIFT_ACTIVE_COMPILATION_CONDITIONS = DEBUG;
				SWIFT_OPTIMIZATION_LEVEL = "-Onone";
			};
			name = Debug;
		};
		CFBAB99529B8255B006FDF8A /* Release */ = {
			isa = XCBuildConfiguration;
			buildSettings = {
				ALWAYS_SEARCH_USER_PATHS = NO;
				ASSETCATALOG_COMPILER_GENERATE_SWIFT_ASSET_SYMBOL_EXTENSIONS = YES;
				CLANG_ANALYZER_NONNULL = YES;
				CLANG_ANALYZER_NUMBER_OBJECT_CONVERSION = YES_AGGRESSIVE;
				CLANG_CXX_LANGUAGE_STANDARD = "gnu++20";
				CLANG_ENABLE_MODULES = YES;
				CLANG_ENABLE_OBJC_ARC = YES;
				CLANG_ENABLE_OBJC_WEAK = YES;
				CLANG_WARN_BLOCK_CAPTURE_AUTORELEASING = YES;
				CLANG_WARN_BOOL_CONVERSION = YES;
				CLANG_WARN_COMMA = YES;
				CLANG_WARN_CONSTANT_CONVERSION = YES;
				CLANG_WARN_DEPRECATED_OBJC_IMPLEMENTATIONS = YES;
				CLANG_WARN_DIRECT_OBJC_ISA_USAGE = YES_ERROR;
				CLANG_WARN_DOCUMENTATION_COMMENTS = YES;
				CLANG_WARN_EMPTY_BODY = YES;
				CLANG_WARN_ENUM_CONVERSION = YES;
				CLANG_WARN_INFINITE_RECURSION = YES;
				CLANG_WARN_INT_CONVERSION = YES;
				CLANG_WARN_NON_LITERAL_NULL_CONVERSION = YES;
				CLANG_WARN_OBJC_IMPLICIT_RETAIN_SELF = YES;
				CLANG_WARN_OBJC_LITERAL_CONVERSION = YES;
				CLANG_WARN_OBJC_ROOT_CLASS = YES_ERROR;
				CLANG_WARN_QUOTED_INCLUDE_IN_FRAMEWORK_HEADER = YES;
				CLANG_WARN_RANGE_LOOP_ANALYSIS = YES;
				CLANG_WARN_STRICT_PROTOTYPES = YES;
				CLANG_WARN_SUSPICIOUS_MOVE = YES;
				CLANG_WARN_UNGUARDED_AVAILABILITY = YES_AGGRESSIVE;
				CLANG_WARN_UNREACHABLE_CODE = YES;
				CLANG_WARN__DUPLICATE_METHOD_MATCH = YES;
				COPY_PHASE_STRIP = NO;
				DEBUG_INFORMATION_FORMAT = "dwarf-with-dsym";
				ENABLE_NS_ASSERTIONS = NO;
				ENABLE_STRICT_OBJC_MSGSEND = YES;
				ENABLE_USER_SCRIPT_SANDBOXING = YES;
				GCC_C_LANGUAGE_STANDARD = gnu11;
				GCC_NO_COMMON_BLOCKS = YES;
				GCC_WARN_64_TO_32_BIT_CONVERSION = YES;
				GCC_WARN_ABOUT_RETURN_TYPE = YES_ERROR;
				GCC_WARN_UNDECLARED_SELECTOR = YES;
				GCC_WARN_UNINITIALIZED_AUTOS = YES_AGGRESSIVE;
				GCC_WARN_UNUSED_FUNCTION = YES;
				GCC_WARN_UNUSED_VARIABLE = YES;
				IPHONEOS_DEPLOYMENT_TARGET = 16.2;
				MTL_ENABLE_DEBUG_INFO = NO;
				MTL_FAST_MATH = YES;
				SDKROOT = iphoneos;
				SWIFT_COMPILATION_MODE = wholemodule;
				SWIFT_OPTIMIZATION_LEVEL = "-O";
				VALIDATE_PRODUCT = YES;
			};
			name = Release;
		};
		CFBAB99729B8255B006FDF8A /* Debug */ = {
			isa = XCBuildConfiguration;
			buildSettings = {
				ASSETCATALOG_COMPILER_APPICON_NAME = AppIcon;
				ASSETCATALOG_COMPILER_GLOBAL_ACCENT_COLOR_NAME = AccentColor;
				CODE_SIGN_IDENTITY = "Apple Development";
				CODE_SIGN_STYLE = Automatic;
				CURRENT_PROJECT_VERSION = 1;
				DEVELOPMENT_ASSET_PATHS = "\"MyNews/Preview Content\"";
				DEVELOPMENT_TEAM = P9TXP3LGTK;
				ENABLE_PREVIEWS = YES;
				GENERATE_INFOPLIST_FILE = YES;
				INFOPLIST_KEY_LSApplicationCategoryType = "public.app-category.news";
				INFOPLIST_KEY_UIApplicationSceneManifest_Generation = YES;
				INFOPLIST_KEY_UIApplicationSupportsIndirectInputEvents = YES;
				INFOPLIST_KEY_UILaunchScreen_Generation = YES;
				INFOPLIST_KEY_UILaunchStoryboardName = LaunchScreen.storyboard;
				INFOPLIST_KEY_UISupportedInterfaceOrientations = UIInterfaceOrientationPortrait;
				INFOPLIST_KEY_UISupportedInterfaceOrientations_iPad = "UIInterfaceOrientationLandscapeLeft UIInterfaceOrientationLandscapeRight UIInterfaceOrientationPortrait UIInterfaceOrientationPortraitUpsideDown";
				LD_RUNPATH_SEARCH_PATHS = (
					"$(inherited)",
					"@executable_path/Frameworks",
				);
				MARKETING_VERSION = 1.0;
				PRODUCT_BUNDLE_IDENTIFIER = "com.daguin-jsebastien.MyNews";
				PRODUCT_NAME = "$(TARGET_NAME)";
				PROVISIONING_PROFILE_SPECIFIER = "";
				SUPPORTED_PLATFORMS = "iphoneos iphonesimulator";
				SUPPORTS_MACCATALYST = NO;
				SUPPORTS_MAC_DESIGNED_FOR_IPHONE_IPAD = NO;
				SWIFT_EMIT_LOC_STRINGS = YES;
				SWIFT_VERSION = 5.0;
				TARGETED_DEVICE_FAMILY = 1;
			};
			name = Debug;
		};
		CFBAB99829B8255B006FDF8A /* Release */ = {
			isa = XCBuildConfiguration;
			buildSettings = {
				ASSETCATALOG_COMPILER_APPICON_NAME = AppIcon;
				ASSETCATALOG_COMPILER_GLOBAL_ACCENT_COLOR_NAME = AccentColor;
				CODE_SIGN_IDENTITY = "Apple Development";
				CODE_SIGN_STYLE = Automatic;
				CURRENT_PROJECT_VERSION = 1;
				DEVELOPMENT_ASSET_PATHS = "\"MyNews/Preview Content\"";
				DEVELOPMENT_TEAM = P9TXP3LGTK;
				ENABLE_PREVIEWS = YES;
				GENERATE_INFOPLIST_FILE = YES;
				INFOPLIST_KEY_LSApplicationCategoryType = "public.app-category.news";
				INFOPLIST_KEY_UIApplicationSceneManifest_Generation = YES;
				INFOPLIST_KEY_UIApplicationSupportsIndirectInputEvents = YES;
				INFOPLIST_KEY_UILaunchScreen_Generation = YES;
				INFOPLIST_KEY_UILaunchStoryboardName = LaunchScreen.storyboard;
				INFOPLIST_KEY_UISupportedInterfaceOrientations = UIInterfaceOrientationPortrait;
				INFOPLIST_KEY_UISupportedInterfaceOrientations_iPad = "UIInterfaceOrientationLandscapeLeft UIInterfaceOrientationLandscapeRight UIInterfaceOrientationPortrait UIInterfaceOrientationPortraitUpsideDown";
				LD_RUNPATH_SEARCH_PATHS = (
					"$(inherited)",
					"@executable_path/Frameworks",
				);
				MARKETING_VERSION = 1.0;
				PRODUCT_BUNDLE_IDENTIFIER = "com.daguin-jsebastien.MyNews";
				PRODUCT_NAME = "$(TARGET_NAME)";
				PROVISIONING_PROFILE_SPECIFIER = "";
				SUPPORTED_PLATFORMS = "iphoneos iphonesimulator";
				SUPPORTS_MACCATALYST = NO;
				SUPPORTS_MAC_DESIGNED_FOR_IPHONE_IPAD = NO;
				SWIFT_EMIT_LOC_STRINGS = YES;
				SWIFT_VERSION = 5.0;
				TARGETED_DEVICE_FAMILY = 1;
			};
			name = Release;
		};
		CFE6C58D29E85C5D00CEF6D7 /* Debug */ = {
			isa = XCBuildConfiguration;
			buildSettings = {
				BUNDLE_LOADER = "$(TEST_HOST)";
				CODE_SIGN_STYLE = Automatic;
				CURRENT_PROJECT_VERSION = 1;
				DEBUG_INFORMATION_FORMAT = dwarf;
				DEVELOPMENT_TEAM = P9TXP3LGTK;
				GENERATE_INFOPLIST_FILE = YES;
				IPHONEOS_DEPLOYMENT_TARGET = 16.4;
				MARKETING_VERSION = 1.0;
				PRODUCT_BUNDLE_IDENTIFIER = "com.daguin-jsebastien.MyNewsTests";
				PRODUCT_NAME = "$(TARGET_NAME)";
				SUPPORTED_PLATFORMS = "iphoneos iphonesimulator";
				SUPPORTS_MACCATALYST = NO;
				SUPPORTS_MAC_DESIGNED_FOR_IPHONE_IPAD = NO;
				SWIFT_EMIT_LOC_STRINGS = NO;
				SWIFT_VERSION = 5.0;
				TARGETED_DEVICE_FAMILY = 1;
				TEST_HOST = "$(BUILT_PRODUCTS_DIR)/MyNews.app/$(BUNDLE_EXECUTABLE_FOLDER_PATH)/MyNews";
			};
			name = Debug;
		};
		CFE6C58E29E85C5D00CEF6D7 /* Release */ = {
			isa = XCBuildConfiguration;
			buildSettings = {
				BUNDLE_LOADER = "$(TEST_HOST)";
				CODE_SIGN_STYLE = Automatic;
				CURRENT_PROJECT_VERSION = 1;
				DEVELOPMENT_TEAM = P9TXP3LGTK;
				GENERATE_INFOPLIST_FILE = YES;
				IPHONEOS_DEPLOYMENT_TARGET = 16.4;
				MARKETING_VERSION = 1.0;
				PRODUCT_BUNDLE_IDENTIFIER = "com.daguin-jsebastien.MyNewsTests";
				PRODUCT_NAME = "$(TARGET_NAME)";
				SUPPORTED_PLATFORMS = "iphoneos iphonesimulator";
				SUPPORTS_MACCATALYST = NO;
				SUPPORTS_MAC_DESIGNED_FOR_IPHONE_IPAD = NO;
				SWIFT_EMIT_LOC_STRINGS = NO;
				SWIFT_VERSION = 5.0;
				TARGETED_DEVICE_FAMILY = 1;
				TEST_HOST = "$(BUILT_PRODUCTS_DIR)/MyNews.app/$(BUNDLE_EXECUTABLE_FOLDER_PATH)/MyNews";
			};
			name = Release;
		};
/* End XCBuildConfiguration section */

/* Begin XCConfigurationList section */
		CFBAB96D29B8255A006FDF8A /* Build configuration list for PBXProject "MyNews" */ = {
			isa = XCConfigurationList;
			buildConfigurations = (
				CFBAB99429B8255B006FDF8A /* Debug */,
				CFBAB99529B8255B006FDF8A /* Release */,
			);
			defaultConfigurationIsVisible = 0;
			defaultConfigurationName = Release;
		};
		CFBAB99629B8255B006FDF8A /* Build configuration list for PBXNativeTarget "MyNews" */ = {
			isa = XCConfigurationList;
			buildConfigurations = (
				CFBAB99729B8255B006FDF8A /* Debug */,
				CFBAB99829B8255B006FDF8A /* Release */,
			);
			defaultConfigurationIsVisible = 0;
			defaultConfigurationName = Release;
		};
		CFE6C58C29E85C5D00CEF6D7 /* Build configuration list for PBXNativeTarget "MyNewsTests" */ = {
			isa = XCConfigurationList;
			buildConfigurations = (
				CFE6C58D29E85C5D00CEF6D7 /* Debug */,
				CFE6C58E29E85C5D00CEF6D7 /* Release */,
			);
			defaultConfigurationIsVisible = 0;
			defaultConfigurationName = Release;
		};
/* End XCConfigurationList section */

/* Begin XCRemoteSwiftPackageReference section */
		6376701B2BDE61EC002BF380 /* XCRemoteSwiftPackageReference "SwiftyXMLParser" */ = {
			isa = XCRemoteSwiftPackageReference;
			repositoryURL = "https://github.com/yahoojapan/SwiftyXMLParser.git";
			requirement = {
				kind = upToNextMajorVersion;
				minimumVersion = 5.6.0;
			};
		};
		63DB0E402B68F9F800BB42D2 /* XCRemoteSwiftPackageReference "firebase-ios-sdk" */ = {
			isa = XCRemoteSwiftPackageReference;
			repositoryURL = "https://github.com/firebase/firebase-ios-sdk";
			requirement = {
				kind = upToNextMajorVersion;
				minimumVersion = 10.20.0;
			};
		};
		CFBAB9AA29B84A66006FDF8A /* XCRemoteSwiftPackageReference "Alamofire" */ = {
			isa = XCRemoteSwiftPackageReference;
			repositoryURL = "https://github.com/Alamofire/Alamofire.git";
			requirement = {
				kind = upToNextMajorVersion;
				minimumVersion = 5.0.0;
			};
		};
/* End XCRemoteSwiftPackageReference section */

/* Begin XCSwiftPackageProductDependency section */
		6376701C2BDE670F002BF380 /* SwiftyXMLParser */ = {
			isa = XCSwiftPackageProductDependency;
			package = 6376701B2BDE61EC002BF380 /* XCRemoteSwiftPackageReference "SwiftyXMLParser" */;
			productName = SwiftyXMLParser;
		};
		63DB0E412B68F9F800BB42D2 /* FirebaseAnalyticsWithoutAdIdSupport */ = {
			isa = XCSwiftPackageProductDependency;
			package = 63DB0E402B68F9F800BB42D2 /* XCRemoteSwiftPackageReference "firebase-ios-sdk" */;
			productName = FirebaseAnalyticsWithoutAdIdSupport;
		};
		63DB0E432B68F9F800BB42D2 /* FirebaseCrashlytics */ = {
			isa = XCSwiftPackageProductDependency;
			package = 63DB0E402B68F9F800BB42D2 /* XCRemoteSwiftPackageReference "firebase-ios-sdk" */;
			productName = FirebaseCrashlytics;
		};
		CFBAB9AB29B84A66006FDF8A /* Alamofire */ = {
			isa = XCSwiftPackageProductDependency;
			package = CFBAB9AA29B84A66006FDF8A /* XCRemoteSwiftPackageReference "Alamofire" */;
			productName = Alamofire;
		};
/* End XCSwiftPackageProductDependency section */

/* Begin XCVersionGroup section */
		6306E4AC2A5C98FC00FB01D8 /* MyNewsCD.xcdatamodeld */ = {
			isa = XCVersionGroup;
			children = (
				6306E4AD2A5C98FC00FB01D8 /* MyNewsCD.xcdatamodel */,
			);
			currentVersion = 6306E4AD2A5C98FC00FB01D8 /* MyNewsCD.xcdatamodel */;
			path = MyNewsCD.xcdatamodeld;
			sourceTree = "<group>";
			versionGroupType = wrapper.xcdatamodel;
		};
/* End XCVersionGroup section */
	};
	rootObject = CFBAB96A29B8255A006FDF8A /* Project object */;
}
