// !$*UTF8*$!
{
	archiveVersion = 1;
	classes = {
	};
	objectVersion = 56;
	objects = {

/* Begin PBXBuildFile section */
		CF49455D29C016B700558ABA /* DiscoverView.swift in Sources */ = {isa = PBXBuildFile; fileRef = CF49455C29C016B700558ABA /* DiscoverView.swift */; };
		CF5EFE8729B8665B002598C3 /* Theme.swift in Sources */ = {isa = PBXBuildFile; fileRef = CF5EFE8629B8665B002598C3 /* Theme.swift */; };
		CF5EFE8A29B866C0002598C3 /* ThemeButton.swift in Sources */ = {isa = PBXBuildFile; fileRef = CF5EFE8929B866C0002598C3 /* ThemeButton.swift */; };
		CF5EFE8C29B88A1B002598C3 /* SearchNews.swift in Sources */ = {isa = PBXBuildFile; fileRef = CF5EFE8B29B88A1B002598C3 /* SearchNews.swift */; };
		CF5EFE8F29B88EFB002598C3 /* NewsError.swift in Sources */ = {isa = PBXBuildFile; fileRef = CF5EFE8E29B88EFB002598C3 /* NewsError.swift */; };
		CF5EFE9129C008AF002598C3 /* NewsDetailView.swift in Sources */ = {isa = PBXBuildFile; fileRef = CF5EFE9029C008AF002598C3 /* NewsDetailView.swift */; };
		CF919C4B29C8867B009A73FC /* NewsListView.swift in Sources */ = {isa = PBXBuildFile; fileRef = CF919C4A29C8867B009A73FC /* NewsListView.swift */; };
		CF919C4E29CB4D5F009A73FC /* SJDKitToolBox in Frameworks */ = {isa = PBXBuildFile; productRef = CF919C4D29CB4D5F009A73FC /* SJDKitToolBox */; };
		CF919C5129CB4DBC009A73FC /* SafariView.swift in Sources */ = {isa = PBXBuildFile; fileRef = CF919C5029CB4DBC009A73FC /* SafariView.swift */; };
		CFBAB97629B8255A006FDF8A /* MyNewsApp.swift in Sources */ = {isa = PBXBuildFile; fileRef = CFBAB97529B8255A006FDF8A /* MyNewsApp.swift */; };
		CFBAB97829B8255A006FDF8A /* ContentView.swift in Sources */ = {isa = PBXBuildFile; fileRef = CFBAB97729B8255A006FDF8A /* ContentView.swift */; };
		CFBAB97A29B8255B006FDF8A /* Assets.xcassets in Resources */ = {isa = PBXBuildFile; fileRef = CFBAB97929B8255B006FDF8A /* Assets.xcassets */; };
		CFBAB97D29B8255B006FDF8A /* Preview Assets.xcassets in Resources */ = {isa = PBXBuildFile; fileRef = CFBAB97C29B8255B006FDF8A /* Preview Assets.xcassets */; };
		CFBAB98729B8255B006FDF8A /* MyNewsTests.swift in Sources */ = {isa = PBXBuildFile; fileRef = CFBAB98629B8255B006FDF8A /* MyNewsTests.swift */; };
		CFBAB9A329B8274A006FDF8A /* HomeView.swift in Sources */ = {isa = PBXBuildFile; fileRef = CFBAB9A229B8274A006FDF8A /* HomeView.swift */; };
		CFBAB9A529B8459C006FDF8A /* News.swift in Sources */ = {isa = PBXBuildFile; fileRef = CFBAB9A429B8459C006FDF8A /* News.swift */; };
		CFBAB9A729B846C1006FDF8A /* NewsRow.swift in Sources */ = {isa = PBXBuildFile; fileRef = CFBAB9A629B846C1006FDF8A /* NewsRow.swift */; };
		CFBAB9A929B84A34006FDF8A /* NewsService.swift in Sources */ = {isa = PBXBuildFile; fileRef = CFBAB9A829B84A34006FDF8A /* NewsService.swift */; };
		CFBAB9AC29B84A66006FDF8A /* Alamofire in Frameworks */ = {isa = PBXBuildFile; productRef = CFBAB9AB29B84A66006FDF8A /* Alamofire */; };
		CFBAB9AF29B84C85006FDF8A /* NewsSesssion.swift in Sources */ = {isa = PBXBuildFile; fileRef = CFBAB9AE29B84C85006FDF8A /* NewsSesssion.swift */; };
		CFBAB9B229B85B2C006FDF8A /* HomeImageBubble.swift in Sources */ = {isa = PBXBuildFile; fileRef = CFBAB9B129B85B2C006FDF8A /* HomeImageBubble.swift */; };
		CFFDCAA729CD8CDC001A8A8B /* LaunchScreen.storyboard in Resources */ = {isa = PBXBuildFile; fileRef = CFFDCAA629CD8CDC001A8A8B /* LaunchScreen.storyboard */; };
		CFFDCAA929CDA77A001A8A8B /* FakeNews.json in Resources */ = {isa = PBXBuildFile; fileRef = CFFDCAA829CDA77A001A8A8B /* FakeNews.json */; };
		CFFDCAAB29CDAC31001A8A8B /* FakeResponseData.swift in Sources */ = {isa = PBXBuildFile; fileRef = CFFDCAAA29CDAC31001A8A8B /* FakeResponseData.swift */; };
		CFFDCAAD29CDAC59001A8A8B /* NewsSessionFake.swift in Sources */ = {isa = PBXBuildFile; fileRef = CFFDCAAC29CDAC59001A8A8B /* NewsSessionFake.swift */; };
		CFFDCAAF29CDACAF001A8A8B /* FakeResponse.swift in Sources */ = {isa = PBXBuildFile; fileRef = CFFDCAAE29CDACAF001A8A8B /* FakeResponse.swift */; };
		CFFDCAB429CDADEB001A8A8B /* FakeNews.json in Resources */ = {isa = PBXBuildFile; fileRef = CFFDCAA829CDA77A001A8A8B /* FakeNews.json */; };
		CFFDCAB629CDAEB8001A8A8B /* FakeResponseData.swift in Sources */ = {isa = PBXBuildFile; fileRef = CFFDCAAA29CDAC31001A8A8B /* FakeResponseData.swift */; };
		CFFDCAB729CDAEBB001A8A8B /* NewsSessionFake.swift in Sources */ = {isa = PBXBuildFile; fileRef = CFFDCAAC29CDAC59001A8A8B /* NewsSessionFake.swift */; };
		CFFDCAB829CDAEBE001A8A8B /* FakeResponse.swift in Sources */ = {isa = PBXBuildFile; fileRef = CFFDCAAE29CDACAF001A8A8B /* FakeResponse.swift */; };
		CFFDCABC29CDBBD4001A8A8B /* SearchNewsTest.swift in Sources */ = {isa = PBXBuildFile; fileRef = CFFDCABB29CDBBD4001A8A8B /* SearchNewsTest.swift */; };
/* End PBXBuildFile section */

/* Begin PBXContainerItemProxy section */
		CFBAB98329B8255B006FDF8A /* PBXContainerItemProxy */ = {
			isa = PBXContainerItemProxy;
			containerPortal = CFBAB96A29B8255A006FDF8A /* Project object */;
			proxyType = 1;
			remoteGlobalIDString = CFBAB97129B8255A006FDF8A;
			remoteInfo = MyNews;
		};
/* End PBXContainerItemProxy section */

/* Begin PBXFileReference section */
		CF49455C29C016B700558ABA /* DiscoverView.swift */ = {isa = PBXFileReference; lastKnownFileType = sourcecode.swift; path = DiscoverView.swift; sourceTree = "<group>"; };
		CF5EFE8629B8665B002598C3 /* Theme.swift */ = {isa = PBXFileReference; lastKnownFileType = sourcecode.swift; path = Theme.swift; sourceTree = "<group>"; };
		CF5EFE8929B866C0002598C3 /* ThemeButton.swift */ = {isa = PBXFileReference; lastKnownFileType = sourcecode.swift; path = ThemeButton.swift; sourceTree = "<group>"; };
		CF5EFE8B29B88A1B002598C3 /* SearchNews.swift */ = {isa = PBXFileReference; lastKnownFileType = sourcecode.swift; path = SearchNews.swift; sourceTree = "<group>"; };
		CF5EFE8E29B88EFB002598C3 /* NewsError.swift */ = {isa = PBXFileReference; lastKnownFileType = sourcecode.swift; path = NewsError.swift; sourceTree = "<group>"; };
		CF5EFE9029C008AF002598C3 /* NewsDetailView.swift */ = {isa = PBXFileReference; lastKnownFileType = sourcecode.swift; path = NewsDetailView.swift; sourceTree = "<group>"; };
		CF919C4A29C8867B009A73FC /* NewsListView.swift */ = {isa = PBXFileReference; lastKnownFileType = sourcecode.swift; path = NewsListView.swift; sourceTree = "<group>"; };
		CF919C5029CB4DBC009A73FC /* SafariView.swift */ = {isa = PBXFileReference; lastKnownFileType = sourcecode.swift; path = SafariView.swift; sourceTree = "<group>"; };
		CFBAB97229B8255A006FDF8A /* MyNews.app */ = {isa = PBXFileReference; explicitFileType = wrapper.application; includeInIndex = 0; path = MyNews.app; sourceTree = BUILT_PRODUCTS_DIR; };
		CFBAB97529B8255A006FDF8A /* MyNewsApp.swift */ = {isa = PBXFileReference; lastKnownFileType = sourcecode.swift; path = MyNewsApp.swift; sourceTree = "<group>"; };
		CFBAB97729B8255A006FDF8A /* ContentView.swift */ = {isa = PBXFileReference; lastKnownFileType = sourcecode.swift; path = ContentView.swift; sourceTree = "<group>"; };
		CFBAB97929B8255B006FDF8A /* Assets.xcassets */ = {isa = PBXFileReference; lastKnownFileType = folder.assetcatalog; path = Assets.xcassets; sourceTree = "<group>"; };
		CFBAB97C29B8255B006FDF8A /* Preview Assets.xcassets */ = {isa = PBXFileReference; lastKnownFileType = folder.assetcatalog; path = "Preview Assets.xcassets"; sourceTree = "<group>"; };
		CFBAB98229B8255B006FDF8A /* MyNewsTests.xctest */ = {isa = PBXFileReference; explicitFileType = wrapper.cfbundle; includeInIndex = 0; path = MyNewsTests.xctest; sourceTree = BUILT_PRODUCTS_DIR; };
		CFBAB98629B8255B006FDF8A /* MyNewsTests.swift */ = {isa = PBXFileReference; lastKnownFileType = sourcecode.swift; path = MyNewsTests.swift; sourceTree = "<group>"; };
		CFBAB9A229B8274A006FDF8A /* HomeView.swift */ = {isa = PBXFileReference; lastKnownFileType = sourcecode.swift; path = HomeView.swift; sourceTree = "<group>"; };
		CFBAB9A429B8459C006FDF8A /* News.swift */ = {isa = PBXFileReference; lastKnownFileType = sourcecode.swift; path = News.swift; sourceTree = "<group>"; };
		CFBAB9A629B846C1006FDF8A /* NewsRow.swift */ = {isa = PBXFileReference; lastKnownFileType = sourcecode.swift; path = NewsRow.swift; sourceTree = "<group>"; };
		CFBAB9A829B84A34006FDF8A /* NewsService.swift */ = {isa = PBXFileReference; lastKnownFileType = sourcecode.swift; path = NewsService.swift; sourceTree = "<group>"; };
		CFBAB9AE29B84C85006FDF8A /* NewsSesssion.swift */ = {isa = PBXFileReference; lastKnownFileType = sourcecode.swift; path = NewsSesssion.swift; sourceTree = "<group>"; };
		CFBAB9B129B85B2C006FDF8A /* HomeImageBubble.swift */ = {isa = PBXFileReference; lastKnownFileType = sourcecode.swift; path = HomeImageBubble.swift; sourceTree = "<group>"; };
		CFFDCAA629CD8CDC001A8A8B /* LaunchScreen.storyboard */ = {isa = PBXFileReference; lastKnownFileType = file.storyboard; path = LaunchScreen.storyboard; sourceTree = "<group>"; };
		CFFDCAA829CDA77A001A8A8B /* FakeNews.json */ = {isa = PBXFileReference; lastKnownFileType = text.json; path = FakeNews.json; sourceTree = "<group>"; };
		CFFDCAAA29CDAC31001A8A8B /* FakeResponseData.swift */ = {isa = PBXFileReference; lastKnownFileType = sourcecode.swift; path = FakeResponseData.swift; sourceTree = "<group>"; };
		CFFDCAAC29CDAC59001A8A8B /* NewsSessionFake.swift */ = {isa = PBXFileReference; lastKnownFileType = sourcecode.swift; path = NewsSessionFake.swift; sourceTree = "<group>"; };
		CFFDCAAE29CDACAF001A8A8B /* FakeResponse.swift */ = {isa = PBXFileReference; lastKnownFileType = sourcecode.swift; path = FakeResponse.swift; sourceTree = "<group>"; };
		CFFDCABB29CDBBD4001A8A8B /* SearchNewsTest.swift */ = {isa = PBXFileReference; lastKnownFileType = sourcecode.swift; path = SearchNewsTest.swift; sourceTree = "<group>"; };
/* End PBXFileReference section */

/* Begin PBXFrameworksBuildPhase section */
		CFBAB96F29B8255A006FDF8A /* Frameworks */ = {
			isa = PBXFrameworksBuildPhase;
			buildActionMask = 2147483647;
			files = (
				CFBAB9AC29B84A66006FDF8A /* Alamofire in Frameworks */,
				CF919C4E29CB4D5F009A73FC /* SJDKitToolBox in Frameworks */,
			);
			runOnlyForDeploymentPostprocessing = 0;
		};
		CFBAB97F29B8255B006FDF8A /* Frameworks */ = {
			isa = PBXFrameworksBuildPhase;
			buildActionMask = 2147483647;
			files = (
			);
			runOnlyForDeploymentPostprocessing = 0;
		};
/* End PBXFrameworksBuildPhase section */

/* Begin PBXGroup section */
		CF5EFE8829B866A8002598C3 /* UtilsView */ = {
			isa = PBXGroup;
			children = (
				CF5EFE9029C008AF002598C3 /* NewsDetailView.swift */,
				CFBAB9A629B846C1006FDF8A /* NewsRow.swift */,
				CF5EFE8929B866C0002598C3 /* ThemeButton.swift */,
				CF919C5029CB4DBC009A73FC /* SafariView.swift */,
				CFFDCAA629CD8CDC001A8A8B /* LaunchScreen.storyboard */,
			);
			path = UtilsView;
			sourceTree = "<group>";
		};
		CF5EFE8D29B88EE9002598C3 /* Error */ = {
			isa = PBXGroup;
			children = (
				CF5EFE8E29B88EFB002598C3 /* NewsError.swift */,
			);
			path = Error;
			sourceTree = "<group>";
		};
		CF919C4F29CB4D91009A73FC /* News */ = {
			isa = PBXGroup;
			children = (
				CFBAB9A229B8274A006FDF8A /* HomeView.swift */,
				CF49455C29C016B700558ABA /* DiscoverView.swift */,
				CF919C4A29C8867B009A73FC /* NewsListView.swift */,
			);
			path = News;
			sourceTree = "<group>";
		};
		CFBAB96929B8255A006FDF8A = {
			isa = PBXGroup;
			children = (
				CFBAB97429B8255A006FDF8A /* MyNews */,
				CFBAB98529B8255B006FDF8A /* MyNewsTests */,
				CFBAB97329B8255A006FDF8A /* Products */,
			);
			sourceTree = "<group>";
		};
		CFBAB97329B8255A006FDF8A /* Products */ = {
			isa = PBXGroup;
			children = (
				CFBAB97229B8255A006FDF8A /* MyNews.app */,
				CFBAB98229B8255B006FDF8A /* MyNewsTests.xctest */,
			);
			name = Products;
			sourceTree = "<group>";
		};
		CFBAB97429B8255A006FDF8A /* MyNews */ = {
			isa = PBXGroup;
			children = (
				CFBAB99F29B8256A006FDF8A /* Model */,
				CFBAB9A029B82575006FDF8A /* View */,
				CFBAB9A129B8257E006FDF8A /* ViewModel */,
				CFBAB97529B8255A006FDF8A /* MyNewsApp.swift */,
				CFBAB97929B8255B006FDF8A /* Assets.xcassets */,
				CFBAB97B29B8255B006FDF8A /* Preview Content */,
			);
			path = MyNews;
			sourceTree = "<group>";
		};
		CFBAB97B29B8255B006FDF8A /* Preview Content */ = {
			isa = PBXGroup;
			children = (
				CFBAB97C29B8255B006FDF8A /* Preview Assets.xcassets */,
			);
			path = "Preview Content";
			sourceTree = "<group>";
		};
		CFBAB98529B8255B006FDF8A /* MyNewsTests */ = {
			isa = PBXGroup;
			children = (
				CFFDCABA29CDBB9B001A8A8B /* NewsSearchTest */,
				CFFDCAB929CDBB7B001A8A8B /* NewsServiceTest */,
			);
			path = MyNewsTests;
			sourceTree = "<group>";
		};
		CFBAB99F29B8256A006FDF8A /* Model */ = {
			isa = PBXGroup;
			children = (
				CF5EFE8D29B88EE9002598C3 /* Error */,
				CFBAB9AD29B84C4B006FDF8A /* News */,
			);
			path = Model;
			sourceTree = "<group>";
		};
		CFBAB9A029B82575006FDF8A /* View */ = {
			isa = PBXGroup;
			children = (
				CFBAB97729B8255A006FDF8A /* ContentView.swift */,
				CF5EFE8829B866A8002598C3 /* UtilsView */,
				CFBAB9B029B85AFF006FDF8A /* ImagesView */,
				CF919C4F29CB4D91009A73FC /* News */,
			);
			path = View;
			sourceTree = "<group>";
		};
		CFBAB9A129B8257E006FDF8A /* ViewModel */ = {
			isa = PBXGroup;
			children = (
				CF5EFE8B29B88A1B002598C3 /* SearchNews.swift */,
			);
			path = ViewModel;
			sourceTree = "<group>";
		};
		CFBAB9AD29B84C4B006FDF8A /* News */ = {
			isa = PBXGroup;
			children = (
				CFBAB9A429B8459C006FDF8A /* News.swift */,
				CFBAB9A829B84A34006FDF8A /* NewsService.swift */,
				CFBAB9AE29B84C85006FDF8A /* NewsSesssion.swift */,
				CF5EFE8629B8665B002598C3 /* Theme.swift */,
			);
			path = News;
			sourceTree = "<group>";
		};
		CFBAB9B029B85AFF006FDF8A /* ImagesView */ = {
			isa = PBXGroup;
			children = (
				CFBAB9B129B85B2C006FDF8A /* HomeImageBubble.swift */,
			);
			path = ImagesView;
			sourceTree = "<group>";
		};
		CFFDCAB929CDBB7B001A8A8B /* NewsServiceTest */ = {
			isa = PBXGroup;
			children = (
				CFBAB98629B8255B006FDF8A /* MyNewsTests.swift */,
				CFFDCAA829CDA77A001A8A8B /* FakeNews.json */,
				CFFDCAAA29CDAC31001A8A8B /* FakeResponseData.swift */,
				CFFDCAAE29CDACAF001A8A8B /* FakeResponse.swift */,
				CFFDCAAC29CDAC59001A8A8B /* NewsSessionFake.swift */,
			);
			path = NewsServiceTest;
			sourceTree = "<group>";
		};
		CFFDCABA29CDBB9B001A8A8B /* NewsSearchTest */ = {
			isa = PBXGroup;
			children = (
				CFFDCABB29CDBBD4001A8A8B /* SearchNewsTest.swift */,
			);
			path = NewsSearchTest;
			sourceTree = "<group>";
		};
/* End PBXGroup section */

/* Begin PBXNativeTarget section */
		CFBAB97129B8255A006FDF8A /* MyNews */ = {
			isa = PBXNativeTarget;
			buildConfigurationList = CFBAB99629B8255B006FDF8A /* Build configuration list for PBXNativeTarget "MyNews" */;
			buildPhases = (
				CFBAB96E29B8255A006FDF8A /* Sources */,
				CFBAB96F29B8255A006FDF8A /* Frameworks */,
				CFBAB97029B8255A006FDF8A /* Resources */,
			);
			buildRules = (
			);
			dependencies = (
			);
			name = MyNews;
			packageProductDependencies = (
				CFBAB9AB29B84A66006FDF8A /* Alamofire */,
				CF919C4D29CB4D5F009A73FC /* SJDKitToolBox */,
			);
			productName = MyNews;
			productReference = CFBAB97229B8255A006FDF8A /* MyNews.app */;
			productType = "com.apple.product-type.application";
		};
		CFBAB98129B8255B006FDF8A /* MyNewsTests */ = {
			isa = PBXNativeTarget;
			buildConfigurationList = CFBAB99929B8255B006FDF8A /* Build configuration list for PBXNativeTarget "MyNewsTests" */;
			buildPhases = (
				CFBAB97E29B8255B006FDF8A /* Sources */,
				CFBAB97F29B8255B006FDF8A /* Frameworks */,
				CFBAB98029B8255B006FDF8A /* Resources */,
			);
			buildRules = (
			);
			dependencies = (
				CFBAB98429B8255B006FDF8A /* PBXTargetDependency */,
			);
			name = MyNewsTests;
			productName = MyNewsTests;
			productReference = CFBAB98229B8255B006FDF8A /* MyNewsTests.xctest */;
			productType = "com.apple.product-type.bundle.unit-test";
		};
/* End PBXNativeTarget section */

/* Begin PBXProject section */
		CFBAB96A29B8255A006FDF8A /* Project object */ = {
			isa = PBXProject;
			attributes = {
				BuildIndependentTargetsInParallel = 1;
				LastSwiftUpdateCheck = 1420;
				LastUpgradeCheck = 1420;
				TargetAttributes = {
					CFBAB97129B8255A006FDF8A = {
						CreatedOnToolsVersion = 14.2;
					};
					CFBAB98129B8255B006FDF8A = {
						CreatedOnToolsVersion = 14.2;
						TestTargetID = CFBAB97129B8255A006FDF8A;
					};
				};
			};
			buildConfigurationList = CFBAB96D29B8255A006FDF8A /* Build configuration list for PBXProject "MyNews" */;
			compatibilityVersion = "Xcode 14.0";
			developmentRegion = en;
			hasScannedForEncodings = 0;
			knownRegions = (
				en,
				Base,
			);
			mainGroup = CFBAB96929B8255A006FDF8A;
			packageReferences = (
				CFBAB9AA29B84A66006FDF8A /* XCRemoteSwiftPackageReference "Alamofire" */,
				CF919C4C29CB4D5F009A73FC /* XCRemoteSwiftPackageReference "SJDKitToolBox" */,
			);
			productRefGroup = CFBAB97329B8255A006FDF8A /* Products */;
			projectDirPath = "";
			projectRoot = "";
			targets = (
				CFBAB97129B8255A006FDF8A /* MyNews */,
				CFBAB98129B8255B006FDF8A /* MyNewsTests */,
			);
		};
/* End PBXProject section */

/* Begin PBXResourcesBuildPhase section */
		CFBAB97029B8255A006FDF8A /* Resources */ = {
			isa = PBXResourcesBuildPhase;
			buildActionMask = 2147483647;
			files = (
				CFFDCAA729CD8CDC001A8A8B /* LaunchScreen.storyboard in Resources */,
				CFFDCAB429CDADEB001A8A8B /* FakeNews.json in Resources */,
				CFBAB97D29B8255B006FDF8A /* Preview Assets.xcassets in Resources */,
				CFBAB97A29B8255B006FDF8A /* Assets.xcassets in Resources */,
			);
			runOnlyForDeploymentPostprocessing = 0;
		};
		CFBAB98029B8255B006FDF8A /* Resources */ = {
			isa = PBXResourcesBuildPhase;
			buildActionMask = 2147483647;
			files = (
				CFFDCAA929CDA77A001A8A8B /* FakeNews.json in Resources */,
			);
			runOnlyForDeploymentPostprocessing = 0;
		};
/* End PBXResourcesBuildPhase section */

/* Begin PBXSourcesBuildPhase section */
		CFBAB96E29B8255A006FDF8A /* Sources */ = {
			isa = PBXSourcesBuildPhase;
			buildActionMask = 2147483647;
			files = (
				CFFDCAB729CDAEBB001A8A8B /* NewsSessionFake.swift in Sources */,
				CF5EFE8729B8665B002598C3 /* Theme.swift in Sources */,
				CF5EFE8F29B88EFB002598C3 /* NewsError.swift in Sources */,
				CFBAB9B229B85B2C006FDF8A /* HomeImageBubble.swift in Sources */,
				CFBAB9A929B84A34006FDF8A /* NewsService.swift in Sources */,
				CFBAB9A329B8274A006FDF8A /* HomeView.swift in Sources */,
				CFBAB97829B8255A006FDF8A /* ContentView.swift in Sources */,
				CF5EFE8C29B88A1B002598C3 /* SearchNews.swift in Sources */,
				CF919C4B29C8867B009A73FC /* NewsListView.swift in Sources */,
				CFBAB9AF29B84C85006FDF8A /* NewsSesssion.swift in Sources */,
				CFBAB9A529B8459C006FDF8A /* News.swift in Sources */,
				CFBAB9A729B846C1006FDF8A /* NewsRow.swift in Sources */,
				CFBAB97629B8255A006FDF8A /* MyNewsApp.swift in Sources */,
				CFFDCAB829CDAEBE001A8A8B /* FakeResponse.swift in Sources */,
				CF919C5129CB4DBC009A73FC /* SafariView.swift in Sources */,
				CF49455D29C016B700558ABA /* DiscoverView.swift in Sources */,
				CF5EFE8A29B866C0002598C3 /* ThemeButton.swift in Sources */,
				CF5EFE9129C008AF002598C3 /* NewsDetailView.swift in Sources */,
				CFFDCAB629CDAEB8001A8A8B /* FakeResponseData.swift in Sources */,
			);
			runOnlyForDeploymentPostprocessing = 0;
		};
		CFBAB97E29B8255B006FDF8A /* Sources */ = {
			isa = PBXSourcesBuildPhase;
			buildActionMask = 2147483647;
			files = (
				CFBAB98729B8255B006FDF8A /* MyNewsTests.swift in Sources */,
				CFFDCAAD29CDAC59001A8A8B /* NewsSessionFake.swift in Sources */,
				CFFDCAAB29CDAC31001A8A8B /* FakeResponseData.swift in Sources */,
				CFFDCAAF29CDACAF001A8A8B /* FakeResponse.swift in Sources */,
				CFFDCABC29CDBBD4001A8A8B /* SearchNewsTest.swift in Sources */,
			);
			runOnlyForDeploymentPostprocessing = 0;
		};
/* End PBXSourcesBuildPhase section */

/* Begin PBXTargetDependency section */
		CFBAB98429B8255B006FDF8A /* PBXTargetDependency */ = {
			isa = PBXTargetDependency;
			target = CFBAB97129B8255A006FDF8A /* MyNews */;
			targetProxy = CFBAB98329B8255B006FDF8A /* PBXContainerItemProxy */;
		};
/* End PBXTargetDependency section */

/* Begin XCBuildConfiguration section */
		CFBAB99429B8255B006FDF8A /* Debug */ = {
			isa = XCBuildConfiguration;
			buildSettings = {
				ALWAYS_SEARCH_USER_PATHS = NO;
				CLANG_ANALYZER_NONNULL = YES;
				CLANG_ANALYZER_NUMBER_OBJECT_CONVERSION = YES_AGGRESSIVE;
				CLANG_CXX_LANGUAGE_STANDARD = "gnu++20";
				CLANG_ENABLE_MODULES = YES;
				CLANG_ENABLE_OBJC_ARC = YES;
				CLANG_ENABLE_OBJC_WEAK = YES;
				CLANG_WARN_BLOCK_CAPTURE_AUTORELEASING = YES;
				CLANG_WARN_BOOL_CONVERSION = YES;
				CLANG_WARN_COMMA = YES;
				CLANG_WARN_CONSTANT_CONVERSION = YES;
				CLANG_WARN_DEPRECATED_OBJC_IMPLEMENTATIONS = YES;
				CLANG_WARN_DIRECT_OBJC_ISA_USAGE = YES_ERROR;
				CLANG_WARN_DOCUMENTATION_COMMENTS = YES;
				CLANG_WARN_EMPTY_BODY = YES;
				CLANG_WARN_ENUM_CONVERSION = YES;
				CLANG_WARN_INFINITE_RECURSION = YES;
				CLANG_WARN_INT_CONVERSION = YES;
				CLANG_WARN_NON_LITERAL_NULL_CONVERSION = YES;
				CLANG_WARN_OBJC_IMPLICIT_RETAIN_SELF = YES;
				CLANG_WARN_OBJC_LITERAL_CONVERSION = YES;
				CLANG_WARN_OBJC_ROOT_CLASS = YES_ERROR;
				CLANG_WARN_QUOTED_INCLUDE_IN_FRAMEWORK_HEADER = YES;
				CLANG_WARN_RANGE_LOOP_ANALYSIS = YES;
				CLANG_WARN_STRICT_PROTOTYPES = YES;
				CLANG_WARN_SUSPICIOUS_MOVE = YES;
				CLANG_WARN_UNGUARDED_AVAILABILITY = YES_AGGRESSIVE;
				CLANG_WARN_UNREACHABLE_CODE = YES;
				CLANG_WARN__DUPLICATE_METHOD_MATCH = YES;
				COPY_PHASE_STRIP = NO;
				DEBUG_INFORMATION_FORMAT = dwarf;
				ENABLE_STRICT_OBJC_MSGSEND = YES;
				ENABLE_TESTABILITY = YES;
				GCC_C_LANGUAGE_STANDARD = gnu11;
				GCC_DYNAMIC_NO_PIC = NO;
				GCC_NO_COMMON_BLOCKS = YES;
				GCC_OPTIMIZATION_LEVEL = 0;
				GCC_PREPROCESSOR_DEFINITIONS = (
					"DEBUG=1",
					"$(inherited)",
				);
				GCC_WARN_64_TO_32_BIT_CONVERSION = YES;
				GCC_WARN_ABOUT_RETURN_TYPE = YES_ERROR;
				GCC_WARN_UNDECLARED_SELECTOR = YES;
				GCC_WARN_UNINITIALIZED_AUTOS = YES_AGGRESSIVE;
				GCC_WARN_UNUSED_FUNCTION = YES;
				GCC_WARN_UNUSED_VARIABLE = YES;
				IPHONEOS_DEPLOYMENT_TARGET = 16.2;
				MTL_ENABLE_DEBUG_INFO = INCLUDE_SOURCE;
				MTL_FAST_MATH = YES;
				ONLY_ACTIVE_ARCH = YES;
				SDKROOT = iphoneos;
				SWIFT_ACTIVE_COMPILATION_CONDITIONS = DEBUG;
				SWIFT_OPTIMIZATION_LEVEL = "-Onone";
			};
			name = Debug;
		};
		CFBAB99529B8255B006FDF8A /* Release */ = {
			isa = XCBuildConfiguration;
			buildSettings = {
				ALWAYS_SEARCH_USER_PATHS = NO;
				CLANG_ANALYZER_NONNULL = YES;
				CLANG_ANALYZER_NUMBER_OBJECT_CONVERSION = YES_AGGRESSIVE;
				CLANG_CXX_LANGUAGE_STANDARD = "gnu++20";
				CLANG_ENABLE_MODULES = YES;
				CLANG_ENABLE_OBJC_ARC = YES;
				CLANG_ENABLE_OBJC_WEAK = YES;
				CLANG_WARN_BLOCK_CAPTURE_AUTORELEASING = YES;
				CLANG_WARN_BOOL_CONVERSION = YES;
				CLANG_WARN_COMMA = YES;
				CLANG_WARN_CONSTANT_CONVERSION = YES;
				CLANG_WARN_DEPRECATED_OBJC_IMPLEMENTATIONS = YES;
				CLANG_WARN_DIRECT_OBJC_ISA_USAGE = YES_ERROR;
				CLANG_WARN_DOCUMENTATION_COMMENTS = YES;
				CLANG_WARN_EMPTY_BODY = YES;
				CLANG_WARN_ENUM_CONVERSION = YES;
				CLANG_WARN_INFINITE_RECURSION = YES;
				CLANG_WARN_INT_CONVERSION = YES;
				CLANG_WARN_NON_LITERAL_NULL_CONVERSION = YES;
				CLANG_WARN_OBJC_IMPLICIT_RETAIN_SELF = YES;
				CLANG_WARN_OBJC_LITERAL_CONVERSION = YES;
				CLANG_WARN_OBJC_ROOT_CLASS = YES_ERROR;
				CLANG_WARN_QUOTED_INCLUDE_IN_FRAMEWORK_HEADER = YES;
				CLANG_WARN_RANGE_LOOP_ANALYSIS = YES;
				CLANG_WARN_STRICT_PROTOTYPES = YES;
				CLANG_WARN_SUSPICIOUS_MOVE = YES;
				CLANG_WARN_UNGUARDED_AVAILABILITY = YES_AGGRESSIVE;
				CLANG_WARN_UNREACHABLE_CODE = YES;
				CLANG_WARN__DUPLICATE_METHOD_MATCH = YES;
				COPY_PHASE_STRIP = NO;
				DEBUG_INFORMATION_FORMAT = "dwarf-with-dsym";
				ENABLE_NS_ASSERTIONS = NO;
				ENABLE_STRICT_OBJC_MSGSEND = YES;
				GCC_C_LANGUAGE_STANDARD = gnu11;
				GCC_NO_COMMON_BLOCKS = YES;
				GCC_WARN_64_TO_32_BIT_CONVERSION = YES;
				GCC_WARN_ABOUT_RETURN_TYPE = YES_ERROR;
				GCC_WARN_UNDECLARED_SELECTOR = YES;
				GCC_WARN_UNINITIALIZED_AUTOS = YES_AGGRESSIVE;
				GCC_WARN_UNUSED_FUNCTION = YES;
				GCC_WARN_UNUSED_VARIABLE = YES;
				IPHONEOS_DEPLOYMENT_TARGET = 16.2;
				MTL_ENABLE_DEBUG_INFO = NO;
				MTL_FAST_MATH = YES;
				SDKROOT = iphoneos;
				SWIFT_COMPILATION_MODE = wholemodule;
				SWIFT_OPTIMIZATION_LEVEL = "-O";
				VALIDATE_PRODUCT = YES;
			};
			name = Release;
		};
		CFBAB99729B8255B006FDF8A /* Debug */ = {
			isa = XCBuildConfiguration;
			buildSettings = {
				ASSETCATALOG_COMPILER_APPICON_NAME = AppIcon;
				ASSETCATALOG_COMPILER_GLOBAL_ACCENT_COLOR_NAME = AccentColor;
				CODE_SIGN_STYLE = Automatic;
				CURRENT_PROJECT_VERSION = 1;
				DEVELOPMENT_ASSET_PATHS = "\"MyNews/Preview Content\"";
				DEVELOPMENT_TEAM = P9TXP3LGTK;
				ENABLE_PREVIEWS = YES;
				GENERATE_INFOPLIST_FILE = YES;
				INFOPLIST_KEY_UIApplicationSceneManifest_Generation = YES;
				INFOPLIST_KEY_UIApplicationSupportsIndirectInputEvents = YES;
				INFOPLIST_KEY_UILaunchScreen_Generation = YES;
				INFOPLIST_KEY_UILaunchStoryboardName = LaunchScreen.storyboard;
				INFOPLIST_KEY_UISupportedInterfaceOrientations = UIInterfaceOrientationPortrait;
				INFOPLIST_KEY_UISupportedInterfaceOrientations_iPad = "UIInterfaceOrientationLandscapeLeft UIInterfaceOrientationLandscapeRight UIInterfaceOrientationPortrait UIInterfaceOrientationPortraitUpsideDown";
				LD_RUNPATH_SEARCH_PATHS = (
					"$(inherited)",
					"@executable_path/Frameworks",
				);
				MARKETING_VERSION = 1.0;
				PRODUCT_BUNDLE_IDENTIFIER = "com.daguin-jsebastien.MyNews";
				PRODUCT_NAME = "$(TARGET_NAME)";
				SWIFT_EMIT_LOC_STRINGS = YES;
				SWIFT_VERSION = 5.0;
				TARGETED_DEVICE_FAMILY = "1,2";
			};
			name = Debug;
		};
		CFBAB99829B8255B006FDF8A /* Release */ = {
			isa = XCBuildConfiguration;
			buildSettings = {
				ASSETCATALOG_COMPILER_APPICON_NAME = AppIcon;
				ASSETCATALOG_COMPILER_GLOBAL_ACCENT_COLOR_NAME = AccentColor;
				CODE_SIGN_STYLE = Automatic;
				CURRENT_PROJECT_VERSION = 1;
				DEVELOPMENT_ASSET_PATHS = "\"MyNews/Preview Content\"";
				DEVELOPMENT_TEAM = P9TXP3LGTK;
				ENABLE_PREVIEWS = YES;
				GENERATE_INFOPLIST_FILE = YES;
				INFOPLIST_KEY_UIApplicationSceneManifest_Generation = YES;
				INFOPLIST_KEY_UIApplicationSupportsIndirectInputEvents = YES;
				INFOPLIST_KEY_UILaunchScreen_Generation = YES;
				INFOPLIST_KEY_UILaunchStoryboardName = LaunchScreen.storyboard;
				INFOPLIST_KEY_UISupportedInterfaceOrientations = UIInterfaceOrientationPortrait;
				INFOPLIST_KEY_UISupportedInterfaceOrientations_iPad = "UIInterfaceOrientationLandscapeLeft UIInterfaceOrientationLandscapeRight UIInterfaceOrientationPortrait UIInterfaceOrientationPortraitUpsideDown";
				LD_RUNPATH_SEARCH_PATHS = (
					"$(inherited)",
					"@executable_path/Frameworks",
				);
				MARKETING_VERSION = 1.0;
				PRODUCT_BUNDLE_IDENTIFIER = "com.daguin-jsebastien.MyNews";
				PRODUCT_NAME = "$(TARGET_NAME)";
				SWIFT_EMIT_LOC_STRINGS = YES;
				SWIFT_VERSION = 5.0;
				TARGETED_DEVICE_FAMILY = "1,2";
			};
			name = Release;
		};
		CFBAB99A29B8255B006FDF8A /* Debug */ = {
			isa = XCBuildConfiguration;
			buildSettings = {
				ALWAYS_EMBED_SWIFT_STANDARD_LIBRARIES = YES;
				BUNDLE_LOADER = "$(TEST_HOST)";
				CODE_SIGN_STYLE = Automatic;
				CURRENT_PROJECT_VERSION = 1;
				DEVELOPMENT_TEAM = P9TXP3LGTK;
				GENERATE_INFOPLIST_FILE = YES;
				IPHONEOS_DEPLOYMENT_TARGET = 16.2;
				MARKETING_VERSION = 1.0;
				PRODUCT_BUNDLE_IDENTIFIER = "com.daguin-jsebastien.MyNewsTests";
				PRODUCT_NAME = "$(TARGET_NAME)";
				SWIFT_EMIT_LOC_STRINGS = NO;
				SWIFT_VERSION = 5.0;
				TARGETED_DEVICE_FAMILY = "1,2";
				TEST_HOST = "$(BUILT_PRODUCTS_DIR)/MyNews.app/$(BUNDLE_EXECUTABLE_FOLDER_PATH)/MyNews";
			};
			name = Debug;
		};
		CFBAB99B29B8255B006FDF8A /* Release */ = {
			isa = XCBuildConfiguration;
			buildSettings = {
				ALWAYS_EMBED_SWIFT_STANDARD_LIBRARIES = YES;
				BUNDLE_LOADER = "$(TEST_HOST)";
				CODE_SIGN_STYLE = Automatic;
				CURRENT_PROJECT_VERSION = 1;
				DEVELOPMENT_TEAM = P9TXP3LGTK;
				GENERATE_INFOPLIST_FILE = YES;
				IPHONEOS_DEPLOYMENT_TARGET = 16.2;
				MARKETING_VERSION = 1.0;
				PRODUCT_BUNDLE_IDENTIFIER = "com.daguin-jsebastien.MyNewsTests";
				PRODUCT_NAME = "$(TARGET_NAME)";
				SWIFT_EMIT_LOC_STRINGS = NO;
				SWIFT_VERSION = 5.0;
				TARGETED_DEVICE_FAMILY = "1,2";
				TEST_HOST = "$(BUILT_PRODUCTS_DIR)/MyNews.app/$(BUNDLE_EXECUTABLE_FOLDER_PATH)/MyNews";
			};
			name = Release;
		};
/* End XCBuildConfiguration section */

/* Begin XCConfigurationList section */
		CFBAB96D29B8255A006FDF8A /* Build configuration list for PBXProject "MyNews" */ = {
			isa = XCConfigurationList;
			buildConfigurations = (
				CFBAB99429B8255B006FDF8A /* Debug */,
				CFBAB99529B8255B006FDF8A /* Release */,
			);
			defaultConfigurationIsVisible = 0;
			defaultConfigurationName = Release;
		};
		CFBAB99629B8255B006FDF8A /* Build configuration list for PBXNativeTarget "MyNews" */ = {
			isa = XCConfigurationList;
			buildConfigurations = (
				CFBAB99729B8255B006FDF8A /* Debug */,
				CFBAB99829B8255B006FDF8A /* Release */,
			);
			defaultConfigurationIsVisible = 0;
			defaultConfigurationName = Release;
		};
		CFBAB99929B8255B006FDF8A /* Build configuration list for PBXNativeTarget "MyNewsTests" */ = {
			isa = XCConfigurationList;
			buildConfigurations = (
				CFBAB99A29B8255B006FDF8A /* Debug */,
				CFBAB99B29B8255B006FDF8A /* Release */,
			);
			defaultConfigurationIsVisible = 0;
			defaultConfigurationName = Release;
		};
/* End XCConfigurationList section */

/* Begin XCRemoteSwiftPackageReference section */
		CF919C4C29CB4D5F009A73FC /* XCRemoteSwiftPackageReference "SJDKitToolBox" */ = {
			isa = XCRemoteSwiftPackageReference;
			repositoryURL = "https://github.com/Sebastien972-collab/SJDKitToolBox.git";
			requirement = {
				branch = main;
				kind = branch;
			};
		};
		CFBAB9AA29B84A66006FDF8A /* XCRemoteSwiftPackageReference "Alamofire" */ = {
			isa = XCRemoteSwiftPackageReference;
			repositoryURL = "https://github.com/Alamofire/Alamofire.git";
			requirement = {
				kind = upToNextMajorVersion;
				minimumVersion = 5.0.0;
			};
		};
/* End XCRemoteSwiftPackageReference section */

/* Begin XCSwiftPackageProductDependency section */
		CF919C4D29CB4D5F009A73FC /* SJDKitToolBox */ = {
			isa = XCSwiftPackageProductDependency;
			package = CF919C4C29CB4D5F009A73FC /* XCRemoteSwiftPackageReference "SJDKitToolBox" */;
			productName = SJDKitToolBox;
		};
		CFBAB9AB29B84A66006FDF8A /* Alamofire */ = {
			isa = XCSwiftPackageProductDependency;
			package = CFBAB9AA29B84A66006FDF8A /* XCRemoteSwiftPackageReference "Alamofire" */;
			productName = Alamofire;
		};
/* End XCSwiftPackageProductDependency section */
	};
	rootObject = CFBAB96A29B8255A006FDF8A /* Project object */;
}
